// !$*UTF8*$!
{
	archiveVersion = 1;
	classes = {
	};
	objectVersion = 48;
	objects = {

/* Begin PBXBuildFile section */
		18A19439D64C84896B645017 /* Pods_SuperLachaiseAdmin.framework in Frameworks */ = {isa = PBXBuildFile; fileRef = 34B8E85B64CCD699D4444D92 /* Pods_SuperLachaiseAdmin.framework */; };
		55605C071FC9C6120010BC5F /* AppDelegate.swift in Sources */ = {isa = PBXBuildFile; fileRef = 55605C061FC9C6120010BC5F /* AppDelegate.swift */; };
		55605C0B1FC9C6120010BC5F /* Assets.xcassets in Resources */ = {isa = PBXBuildFile; fileRef = 55605C0A1FC9C6120010BC5F /* Assets.xcassets */; };
		5587F9F11FCF6927004C9E28 /* RootViewController.swift in Sources */ = {isa = PBXBuildFile; fileRef = 5587F9F01FCF6927004C9E28 /* RootViewController.swift */; };
		5587F9F51FCF6E9F004C9E28 /* RootViewController+Sync.swift in Sources */ = {isa = PBXBuildFile; fileRef = 5587F9F41FCF6E9E004C9E28 /* RootViewController+Sync.swift */; };
		558F26931FCDE5FB009BAA8E /* Task.swift in Sources */ = {isa = PBXBuildFile; fileRef = 558F26921FCDE5FB009BAA8E /* Task.swift */; };
		558F26981FCE00D5009BAA8E /* OverpassResults.swift in Sources */ = {isa = PBXBuildFile; fileRef = 558F26971FCE00D5009BAA8E /* OverpassResults.swift */; };
		55A8D2331FCF3EDE00BB00BC /* Realm+Requests.swift in Sources */ = {isa = PBXBuildFile; fileRef = 55A8D2321FCF3EDE00BB00BC /* Realm+Requests.swift */; };
		55A8D23B1FCF52A900BB00BC /* RealmDeletable.swift in Sources */ = {isa = PBXBuildFile; fileRef = 55A8D23A1FCF52A900BB00BC /* RealmDeletable.swift */; };
		55A8D2431FCF5BA500BB00BC /* Config.swift in Sources */ = {isa = PBXBuildFile; fileRef = 55A8D2421FCF5BA500BB00BC /* Config.swift */; };
		55A8D2451FCF5C3A00BB00BC /* OpenStreetMapConfig.swift in Sources */ = {isa = PBXBuildFile; fileRef = 55A8D2441FCF5C3A00BB00BC /* OpenStreetMapConfig.swift */; };
		55A8D2491FCF5D9D00BB00BC /* BoundingBox.swift in Sources */ = {isa = PBXBuildFile; fileRef = 55A8D2481FCF5D9D00BB00BC /* BoundingBox.swift */; };
		55A8D24C1FCF5E5000BB00BC /* PereLachaiseOpenStreetMapConfig.swift in Sources */ = {isa = PBXBuildFile; fileRef = 55A8D24B1FCF5E5000BB00BC /* PereLachaiseOpenStreetMapConfig.swift */; };
		55A8D24E1FCF5F0100BB00BC /* PereLachaiseConfig.swift in Sources */ = {isa = PBXBuildFile; fileRef = 55A8D24D1FCF5F0100BB00BC /* PereLachaiseConfig.swift */; };
		55A8D2511FCF5F9C00BB00BC /* TaskController.swift in Sources */ = {isa = PBXBuildFile; fileRef = 55A8D2501FCF5F9C00BB00BC /* TaskController.swift */; };
		55A8D2531FCF5FFB00BB00BC /* TaskController+OpenStreetMap.swift in Sources */ = {isa = PBXBuildFile; fileRef = 55A8D2521FCF5FFB00BB00BC /* TaskController+OpenStreetMap.swift */; };
		55B080871FCCCEBD0006A0C2 /* APIEndpoint.swift in Sources */ = {isa = PBXBuildFile; fileRef = 55B080861FCCCEBD0006A0C2 /* APIEndpoint.swift */; };
		55B536E51FD31C6800036FFC /* MainWindowController.swift in Sources */ = {isa = PBXBuildFile; fileRef = 55B536E41FD31C6800036FFC /* MainWindowController.swift */; };
		55B536E71FD3230C00036FFC /* ListViewItem.swift in Sources */ = {isa = PBXBuildFile; fileRef = 55B536E61FD3230C00036FFC /* ListViewItem.swift */; };
		55B536EC1FD326D400036FFC /* ListViewRootItem.swift in Sources */ = {isa = PBXBuildFile; fileRef = 55B536EB1FD326D400036FFC /* ListViewRootItem.swift */; };
		55B536F01FD335B300036FFC /* RealmContext+Background.swift in Sources */ = {isa = PBXBuildFile; fileRef = 55B536EF1FD335B300036FFC /* RealmContext+Background.swift */; };
		55B536FC1FD33D1B00036FFC /* ListViewObjectItem.swift in Sources */ = {isa = PBXBuildFile; fileRef = 55B536FB1FD33D1B00036FFC /* ListViewObjectItem.swift */; };
		55B536FF1FD33E0C00036FFC /* ListViewObjectListItem.swift in Sources */ = {isa = PBXBuildFile; fileRef = 55B536FE1FD33E0C00036FFC /* ListViewObjectListItem.swift */; };
		55B537011FD3413800036FFC /* RealmListable.swift in Sources */ = {isa = PBXBuildFile; fileRef = 55B537001FD3413800036FFC /* RealmListable.swift */; };
		55B537071FD351C800036FFC /* RealmIdentifiable.swift in Sources */ = {isa = PBXBuildFile; fileRef = 55B537061FD351C800036FFC /* RealmIdentifiable.swift */; };
		55B897DF1FC9D17700FC4EF6 /* Main.storyboard in Resources */ = {isa = PBXBuildFile; fileRef = 55B897DE1FC9D17600FC4EF6 /* Main.storyboard */; };
		55B897E21FCB169F00FC4EF6 /* RealmContext.swift in Sources */ = {isa = PBXBuildFile; fileRef = 55B897E11FCB169F00FC4EF6 /* RealmContext.swift */; };
		55B897E51FCB1CED00FC4EF6 /* Logger.swift in Sources */ = {isa = PBXBuildFile; fileRef = 55B897E41FCB1CED00FC4EF6 /* Logger.swift */; };
		55B897E91FCB26A600FC4EF6 /* ConcurrentOperation.swift in Sources */ = {isa = PBXBuildFile; fileRef = 55B897E81FCB26A600FC4EF6 /* ConcurrentOperation.swift */; };
		55B897EC1FCB282800FC4EF6 /* RxOperation.swift in Sources */ = {isa = PBXBuildFile; fileRef = 55B897EB1FCB282800FC4EF6 /* RxOperation.swift */; };
		55B897EE1FCB29C400FC4EF6 /* Operation+Rx.swift in Sources */ = {isa = PBXBuildFile; fileRef = 55B897ED1FCB29C400FC4EF6 /* Operation+Rx.swift */; };
		55BD408D1FD30B4B005ACD89 /* ListViewController.swift in Sources */ = {isa = PBXBuildFile; fileRef = 55BD408C1FD30B4B005ACD89 /* ListViewController.swift */; };
		55C82D9B1FCE282C00D606A2 /* Rx+Utils.swift in Sources */ = {isa = PBXBuildFile; fileRef = 55C82D9A1FCE282C00D606A2 /* Rx+Utils.swift */; };
		55CB47EA1FCCD1AB003F3610 /* APIEndpoint+Overpass.swift in Sources */ = {isa = PBXBuildFile; fileRef = 55CB47E91FCCD1AB003F3610 /* APIEndpoint+Overpass.swift */; };
		55CB47EF1FCCD31F003F3610 /* URL.swift in Sources */ = {isa = PBXBuildFile; fileRef = 55CB47EE1FCCD31F003F3610 /* URL.swift */; };
		55CB47F41FCCD67F003F3610 /* UserAgent.swift in Sources */ = {isa = PBXBuildFile; fileRef = 55CB47F31FCCD67F003F3610 /* UserAgent.swift */; };
		55CB47F71FCCD8D6003F3610 /* SyncOpenStreetMapElements.swift in Sources */ = {isa = PBXBuildFile; fileRef = 55CB47F61FCCD8D6003F3610 /* SyncOpenStreetMapElements.swift */; };
		55CB47FC1FCCDB02003F3610 /* OpenStreetMapElement.swift in Sources */ = {isa = PBXBuildFile; fileRef = 55CB47FB1FCCDB02003F3610 /* OpenStreetMapElement.swift */; };
		55CB47FE1FCCDDEC003F3610 /* OpenStreetMapElement+Id.swift in Sources */ = {isa = PBXBuildFile; fileRef = 55CB47FD1FCCDDEC003F3610 /* OpenStreetMapElement+Id.swift */; };
		55CB48031FCCE4C0003F3610 /* Errors.swift in Sources */ = {isa = PBXBuildFile; fileRef = 55CB48021FCCE4C0003F3610 /* Errors.swift */; };
		55E8A3AA1FD8A9EE000B6FC2 /* RealmOpenableInBrowser.swift in Sources */ = {isa = PBXBuildFile; fileRef = 55E8A3A91FD8A9EE000B6FC2 /* RealmOpenableInBrowser.swift */; };
		55E8A3AC1FD8AE5A000B6FC2 /* OpenStreetMapElement+Protocols.swift in Sources */ = {isa = PBXBuildFile; fileRef = 55E8A3AB1FD8AE5A000B6FC2 /* OpenStreetMapElement+Protocols.swift */; };
		55E8A3AE1FD8AED6000B6FC2 /* SuperLachaisePOI+Protocols.swift in Sources */ = {isa = PBXBuildFile; fileRef = 55E8A3AD1FD8AED6000B6FC2 /* SuperLachaisePOI+Protocols.swift */; };
		55F46B6A1FD488C3005B90BF /* SuperLachaisePOI.swift in Sources */ = {isa = PBXBuildFile; fileRef = 55F46B691FD488C3005B90BF /* SuperLachaisePOI.swift */; };
		55F46B701FD497FD005B90BF /* ListViewController+Actions.swift in Sources */ = {isa = PBXBuildFile; fileRef = 55F46B6F1FD497FD005B90BF /* ListViewController+Actions.swift */; };
/* End PBXBuildFile section */

/* Begin PBXFileReference section */
		34B8E85B64CCD699D4444D92 /* Pods_SuperLachaiseAdmin.framework */ = {isa = PBXFileReference; explicitFileType = wrapper.framework; includeInIndex = 0; path = Pods_SuperLachaiseAdmin.framework; sourceTree = BUILT_PRODUCTS_DIR; };
		55605C031FC9C6120010BC5F /* SuperLachaiseAdmin.app */ = {isa = PBXFileReference; explicitFileType = wrapper.application; includeInIndex = 0; path = SuperLachaiseAdmin.app; sourceTree = BUILT_PRODUCTS_DIR; };
		55605C061FC9C6120010BC5F /* AppDelegate.swift */ = {isa = PBXFileReference; lastKnownFileType = sourcecode.swift; path = AppDelegate.swift; sourceTree = "<group>"; };
		55605C0A1FC9C6120010BC5F /* Assets.xcassets */ = {isa = PBXFileReference; lastKnownFileType = folder.assetcatalog; path = Assets.xcassets; sourceTree = "<group>"; };
		55605C0F1FC9C6120010BC5F /* Info.plist */ = {isa = PBXFileReference; lastKnownFileType = text.plist.xml; path = Info.plist; sourceTree = "<group>"; };
		5587F9F01FCF6927004C9E28 /* RootViewController.swift */ = {isa = PBXFileReference; lastKnownFileType = sourcecode.swift; path = RootViewController.swift; sourceTree = "<group>"; };
		5587F9F41FCF6E9E004C9E28 /* RootViewController+Sync.swift */ = {isa = PBXFileReference; lastKnownFileType = sourcecode.swift; path = "RootViewController+Sync.swift"; sourceTree = "<group>"; };
		558F26921FCDE5FB009BAA8E /* Task.swift */ = {isa = PBXFileReference; lastKnownFileType = sourcecode.swift; path = Task.swift; sourceTree = "<group>"; };
		558F26971FCE00D5009BAA8E /* OverpassResults.swift */ = {isa = PBXFileReference; lastKnownFileType = sourcecode.swift; path = OverpassResults.swift; sourceTree = "<group>"; };
		55A8D2321FCF3EDE00BB00BC /* Realm+Requests.swift */ = {isa = PBXFileReference; lastKnownFileType = sourcecode.swift; path = "Realm+Requests.swift"; sourceTree = "<group>"; };
		55A8D23A1FCF52A900BB00BC /* RealmDeletable.swift */ = {isa = PBXFileReference; lastKnownFileType = sourcecode.swift; path = RealmDeletable.swift; sourceTree = "<group>"; };
		55A8D2421FCF5BA500BB00BC /* Config.swift */ = {isa = PBXFileReference; lastKnownFileType = sourcecode.swift; path = Config.swift; sourceTree = "<group>"; };
		55A8D2441FCF5C3A00BB00BC /* OpenStreetMapConfig.swift */ = {isa = PBXFileReference; lastKnownFileType = sourcecode.swift; path = OpenStreetMapConfig.swift; sourceTree = "<group>"; };
		55A8D2481FCF5D9D00BB00BC /* BoundingBox.swift */ = {isa = PBXFileReference; lastKnownFileType = sourcecode.swift; path = BoundingBox.swift; sourceTree = "<group>"; };
		55A8D24B1FCF5E5000BB00BC /* PereLachaiseOpenStreetMapConfig.swift */ = {isa = PBXFileReference; lastKnownFileType = sourcecode.swift; path = PereLachaiseOpenStreetMapConfig.swift; sourceTree = "<group>"; };
		55A8D24D1FCF5F0100BB00BC /* PereLachaiseConfig.swift */ = {isa = PBXFileReference; lastKnownFileType = sourcecode.swift; path = PereLachaiseConfig.swift; sourceTree = "<group>"; };
		55A8D2501FCF5F9C00BB00BC /* TaskController.swift */ = {isa = PBXFileReference; lastKnownFileType = sourcecode.swift; path = TaskController.swift; sourceTree = "<group>"; };
		55A8D2521FCF5FFB00BB00BC /* TaskController+OpenStreetMap.swift */ = {isa = PBXFileReference; lastKnownFileType = sourcecode.swift; path = "TaskController+OpenStreetMap.swift"; sourceTree = "<group>"; };
		55B080861FCCCEBD0006A0C2 /* APIEndpoint.swift */ = {isa = PBXFileReference; lastKnownFileType = sourcecode.swift; path = APIEndpoint.swift; sourceTree = "<group>"; };
		55B536E41FD31C6800036FFC /* MainWindowController.swift */ = {isa = PBXFileReference; lastKnownFileType = sourcecode.swift; path = MainWindowController.swift; sourceTree = "<group>"; };
		55B536E61FD3230C00036FFC /* ListViewItem.swift */ = {isa = PBXFileReference; lastKnownFileType = sourcecode.swift; path = ListViewItem.swift; sourceTree = "<group>"; };
		55B536EB1FD326D400036FFC /* ListViewRootItem.swift */ = {isa = PBXFileReference; lastKnownFileType = sourcecode.swift; path = ListViewRootItem.swift; sourceTree = "<group>"; };
		55B536EF1FD335B300036FFC /* RealmContext+Background.swift */ = {isa = PBXFileReference; lastKnownFileType = sourcecode.swift; path = "RealmContext+Background.swift"; sourceTree = "<group>"; };
		55B536FB1FD33D1B00036FFC /* ListViewObjectItem.swift */ = {isa = PBXFileReference; lastKnownFileType = sourcecode.swift; path = ListViewObjectItem.swift; sourceTree = "<group>"; };
		55B536FE1FD33E0C00036FFC /* ListViewObjectListItem.swift */ = {isa = PBXFileReference; lastKnownFileType = sourcecode.swift; path = ListViewObjectListItem.swift; sourceTree = "<group>"; };
		55B537001FD3413800036FFC /* RealmListable.swift */ = {isa = PBXFileReference; lastKnownFileType = sourcecode.swift; path = RealmListable.swift; sourceTree = "<group>"; };
		55B537061FD351C800036FFC /* RealmIdentifiable.swift */ = {isa = PBXFileReference; lastKnownFileType = sourcecode.swift; path = RealmIdentifiable.swift; sourceTree = "<group>"; };
		55B897DE1FC9D17600FC4EF6 /* Main.storyboard */ = {isa = PBXFileReference; fileEncoding = 4; lastKnownFileType = file.storyboard; path = Main.storyboard; sourceTree = "<group>"; };
		55B897E11FCB169F00FC4EF6 /* RealmContext.swift */ = {isa = PBXFileReference; lastKnownFileType = sourcecode.swift; path = RealmContext.swift; sourceTree = "<group>"; };
		55B897E41FCB1CED00FC4EF6 /* Logger.swift */ = {isa = PBXFileReference; lastKnownFileType = sourcecode.swift; path = Logger.swift; sourceTree = "<group>"; };
		55B897E81FCB26A600FC4EF6 /* ConcurrentOperation.swift */ = {isa = PBXFileReference; lastKnownFileType = sourcecode.swift; path = ConcurrentOperation.swift; sourceTree = "<group>"; };
		55B897EB1FCB282800FC4EF6 /* RxOperation.swift */ = {isa = PBXFileReference; lastKnownFileType = sourcecode.swift; path = RxOperation.swift; sourceTree = "<group>"; };
		55B897ED1FCB29C400FC4EF6 /* Operation+Rx.swift */ = {isa = PBXFileReference; lastKnownFileType = sourcecode.swift; path = "Operation+Rx.swift"; sourceTree = "<group>"; };
		55BD408C1FD30B4B005ACD89 /* ListViewController.swift */ = {isa = PBXFileReference; lastKnownFileType = sourcecode.swift; path = ListViewController.swift; sourceTree = "<group>"; };
		55C82D9A1FCE282C00D606A2 /* Rx+Utils.swift */ = {isa = PBXFileReference; lastKnownFileType = sourcecode.swift; path = "Rx+Utils.swift"; sourceTree = "<group>"; };
		55CB47E91FCCD1AB003F3610 /* APIEndpoint+Overpass.swift */ = {isa = PBXFileReference; lastKnownFileType = sourcecode.swift; path = "APIEndpoint+Overpass.swift"; sourceTree = "<group>"; };
		55CB47EE1FCCD31F003F3610 /* URL.swift */ = {isa = PBXFileReference; lastKnownFileType = sourcecode.swift; path = URL.swift; sourceTree = "<group>"; };
		55CB47F31FCCD67F003F3610 /* UserAgent.swift */ = {isa = PBXFileReference; lastKnownFileType = sourcecode.swift; path = UserAgent.swift; sourceTree = "<group>"; };
		55CB47F61FCCD8D6003F3610 /* SyncOpenStreetMapElements.swift */ = {isa = PBXFileReference; lastKnownFileType = sourcecode.swift; path = SyncOpenStreetMapElements.swift; sourceTree = "<group>"; };
		55CB47FB1FCCDB02003F3610 /* OpenStreetMapElement.swift */ = {isa = PBXFileReference; lastKnownFileType = sourcecode.swift; path = OpenStreetMapElement.swift; sourceTree = "<group>"; };
		55CB47FD1FCCDDEC003F3610 /* OpenStreetMapElement+Id.swift */ = {isa = PBXFileReference; lastKnownFileType = sourcecode.swift; path = "OpenStreetMapElement+Id.swift"; sourceTree = "<group>"; };
		55CB48021FCCE4C0003F3610 /* Errors.swift */ = {isa = PBXFileReference; lastKnownFileType = sourcecode.swift; path = Errors.swift; sourceTree = "<group>"; };
		55E8A3A91FD8A9EE000B6FC2 /* RealmOpenableInBrowser.swift */ = {isa = PBXFileReference; lastKnownFileType = sourcecode.swift; path = RealmOpenableInBrowser.swift; sourceTree = "<group>"; };
		55E8A3AB1FD8AE5A000B6FC2 /* OpenStreetMapElement+Protocols.swift */ = {isa = PBXFileReference; lastKnownFileType = sourcecode.swift; path = "OpenStreetMapElement+Protocols.swift"; sourceTree = "<group>"; };
		55E8A3AD1FD8AED6000B6FC2 /* SuperLachaisePOI+Protocols.swift */ = {isa = PBXFileReference; lastKnownFileType = sourcecode.swift; path = "SuperLachaisePOI+Protocols.swift"; sourceTree = "<group>"; };
		55F46B691FD488C3005B90BF /* SuperLachaisePOI.swift */ = {isa = PBXFileReference; lastKnownFileType = sourcecode.swift; path = SuperLachaisePOI.swift; sourceTree = "<group>"; };
		55F46B6F1FD497FD005B90BF /* ListViewController+Actions.swift */ = {isa = PBXFileReference; lastKnownFileType = sourcecode.swift; path = "ListViewController+Actions.swift"; sourceTree = "<group>"; };
		9FE676F1A85C068B5E930AB6 /* Pods-SuperLachaiseAdmin.release.xcconfig */ = {isa = PBXFileReference; includeInIndex = 1; lastKnownFileType = text.xcconfig; name = "Pods-SuperLachaiseAdmin.release.xcconfig"; path = "Pods/Target Support Files/Pods-SuperLachaiseAdmin/Pods-SuperLachaiseAdmin.release.xcconfig"; sourceTree = "<group>"; };
		CC397459331B1FF483D6C8E6 /* Pods-SuperLachaiseAdmin.debug.xcconfig */ = {isa = PBXFileReference; includeInIndex = 1; lastKnownFileType = text.xcconfig; name = "Pods-SuperLachaiseAdmin.debug.xcconfig"; path = "Pods/Target Support Files/Pods-SuperLachaiseAdmin/Pods-SuperLachaiseAdmin.debug.xcconfig"; sourceTree = "<group>"; };
/* End PBXFileReference section */

/* Begin PBXFrameworksBuildPhase section */
		55605C001FC9C6120010BC5F /* Frameworks */ = {
			isa = PBXFrameworksBuildPhase;
			buildActionMask = 2147483647;
			files = (
				18A19439D64C84896B645017 /* Pods_SuperLachaiseAdmin.framework in Frameworks */,
			);
			runOnlyForDeploymentPostprocessing = 0;
		};
/* End PBXFrameworksBuildPhase section */

/* Begin PBXGroup section */
		55605BFA1FC9C6120010BC5F = {
			isa = PBXGroup;
			children = (
				55605C051FC9C6120010BC5F /* SuperLachaiseAdmin */,
				55605C041FC9C6120010BC5F /* Products */,
				7228E91E82198F3E02A4CC6A /* Pods */,
				B8A39DF453571FE7FC4C8BB9 /* Frameworks */,
			);
			sourceTree = "<group>";
		};
		55605C041FC9C6120010BC5F /* Products */ = {
			isa = PBXGroup;
			children = (
				55605C031FC9C6120010BC5F /* SuperLachaiseAdmin.app */,
			);
			name = Products;
			sourceTree = "<group>";
		};
		55605C051FC9C6120010BC5F /* SuperLachaiseAdmin */ = {
			isa = PBXGroup;
			children = (
				55605C061FC9C6120010BC5F /* AppDelegate.swift */,
				55A8D2411FCF5B9000BB00BC /* Config */,
				55B897DD1FC9D15F00FC4EF6 /* UI */,
				55CB47EB1FCCD1CA003F3610 /* Data */,
				55A8D24F1FCF5F8000BB00BC /* Tasks */,
				55B897E31FCB1CE200FC4EF6 /* Utils */,
				55605C0A1FC9C6120010BC5F /* Assets.xcassets */,
				55605C0F1FC9C6120010BC5F /* Info.plist */,
			);
			path = SuperLachaiseAdmin;
			sourceTree = "<group>";
		};
		5587F9EF1FCF6904004C9E28 /* Root */ = {
			isa = PBXGroup;
			children = (
				5587F9F01FCF6927004C9E28 /* RootViewController.swift */,
				5587F9F41FCF6E9E004C9E28 /* RootViewController+Sync.swift */,
			);
			path = Root;
			sourceTree = "<group>";
		};
		558F26941FCDFEC7009BAA8E /* Realm */ = {
			isa = PBXGroup;
			children = (
				55A8D2321FCF3EDE00BB00BC /* Realm+Requests.swift */,
				55A8D23A1FCF52A900BB00BC /* RealmDeletable.swift */,
				55B537061FD351C800036FFC /* RealmIdentifiable.swift */,
				55B537001FD3413800036FFC /* RealmListable.swift */,
				55E8A3A91FD8A9EE000B6FC2 /* RealmOpenableInBrowser.swift */,
			);
			path = Realm;
			sourceTree = "<group>";
		};
		55A8D2411FCF5B9000BB00BC /* Config */ = {
			isa = PBXGroup;
			children = (
				55A8D2461FCF5C4400BB00BC /* Base */,
				55A8D24A1FCF5E3B00BB00BC /* PereLachaise */,
			);
			path = Config;
			sourceTree = "<group>";
		};
		55A8D2461FCF5C4400BB00BC /* Base */ = {
			isa = PBXGroup;
			children = (
				55A8D2421FCF5BA500BB00BC /* Config.swift */,
				55A8D2441FCF5C3A00BB00BC /* OpenStreetMapConfig.swift */,
			);
			path = Base;
			sourceTree = "<group>";
		};
		55A8D2471FCF5D9200BB00BC /* Location */ = {
			isa = PBXGroup;
			children = (
				55A8D2481FCF5D9D00BB00BC /* BoundingBox.swift */,
			);
			path = Location;
			sourceTree = "<group>";
		};
		55A8D24A1FCF5E3B00BB00BC /* PereLachaise */ = {
			isa = PBXGroup;
			children = (
				55A8D24D1FCF5F0100BB00BC /* PereLachaiseConfig.swift */,
				55A8D24B1FCF5E5000BB00BC /* PereLachaiseOpenStreetMapConfig.swift */,
			);
			path = PereLachaise;
			sourceTree = "<group>";
		};
		55A8D24F1FCF5F8000BB00BC /* Tasks */ = {
			isa = PBXGroup;
			children = (
				558F26921FCDE5FB009BAA8E /* Task.swift */,
				55A8D2501FCF5F9C00BB00BC /* TaskController.swift */,
				55CB47E81FCCD182003F3610 /* OpenStreetMap */,
			);
			path = Tasks;
			sourceTree = "<group>";
		};
		55B536E31FD31C5300036FFC /* MainWindow */ = {
			isa = PBXGroup;
			children = (
				55B536E41FD31C6800036FFC /* MainWindowController.swift */,
			);
			path = MainWindow;
			sourceTree = "<group>";
		};
		55B536E81FD3238200036FFC /* Items */ = {
			isa = PBXGroup;
			children = (
				55B536E61FD3230C00036FFC /* ListViewItem.swift */,
				55B536EB1FD326D400036FFC /* ListViewRootItem.swift */,
				55B536FE1FD33E0C00036FFC /* ListViewObjectListItem.swift */,
				55B536FB1FD33D1B00036FFC /* ListViewObjectItem.swift */,
			);
			path = Items;
			sourceTree = "<group>";
		};
		55B897DD1FC9D15F00FC4EF6 /* UI */ = {
			isa = PBXGroup;
			children = (
				55B897DE1FC9D17600FC4EF6 /* Main.storyboard */,
				55B536E31FD31C5300036FFC /* MainWindow */,
				5587F9EF1FCF6904004C9E28 /* Root */,
				55BD408B1FD30B3C005ACD89 /* List */,
			);
			path = UI;
			sourceTree = "<group>";
		};
		55B897E31FCB1CE200FC4EF6 /* Utils */ = {
			isa = PBXGroup;
			children = (
				55A8D2471FCF5D9200BB00BC /* Location */,
				55CB48011FCCE4B6003F3610 /* Error */,
				55CB47F51FCCD803003F3610 /* Logger */,
				55CB47F21FCCD665003F3610 /* Network */,
				55B897EA1FCB281500FC4EF6 /* Operations */,
				558F26941FCDFEC7009BAA8E /* Realm */,
				55C82D991FCE281600D606A2 /* Rx */,
			);
			path = Utils;
			sourceTree = "<group>";
		};
		55B897EA1FCB281500FC4EF6 /* Operations */ = {
			isa = PBXGroup;
			children = (
				55B897E81FCB26A600FC4EF6 /* ConcurrentOperation.swift */,
				55B897EB1FCB282800FC4EF6 /* RxOperation.swift */,
				55B897ED1FCB29C400FC4EF6 /* Operation+Rx.swift */,
			);
			path = Operations;
			sourceTree = "<group>";
		};
		55BD408B1FD30B3C005ACD89 /* List */ = {
			isa = PBXGroup;
			children = (
				55BD408C1FD30B4B005ACD89 /* ListViewController.swift */,
				55F46B6F1FD497FD005B90BF /* ListViewController+Actions.swift */,
				55B536E81FD3238200036FFC /* Items */,
			);
			path = List;
			sourceTree = "<group>";
		};
		55C82D991FCE281600D606A2 /* Rx */ = {
			isa = PBXGroup;
			children = (
				55C82D9A1FCE282C00D606A2 /* Rx+Utils.swift */,
			);
			path = Rx;
			sourceTree = "<group>";
		};
		55CB47E81FCCD182003F3610 /* OpenStreetMap */ = {
			isa = PBXGroup;
			children = (
				55A8D2521FCF5FFB00BB00BC /* TaskController+OpenStreetMap.swift */,
				55CB47E91FCCD1AB003F3610 /* APIEndpoint+Overpass.swift */,
				558F26971FCE00D5009BAA8E /* OverpassResults.swift */,
				55CB47F61FCCD8D6003F3610 /* SyncOpenStreetMapElements.swift */,
			);
			path = OpenStreetMap;
			sourceTree = "<group>";
		};
		55CB47EB1FCCD1CA003F3610 /* Data */ = {
			isa = PBXGroup;
			children = (
				55CB47F91FCCDA8B003F3610 /* Context */,
				55CB47F81FCCDA72003F3610 /* Model */,
			);
			path = Data;
			sourceTree = "<group>";
		};
		55CB47F21FCCD665003F3610 /* Network */ = {
			isa = PBXGroup;
			children = (
				55B080861FCCCEBD0006A0C2 /* APIEndpoint.swift */,
				55CB47EE1FCCD31F003F3610 /* URL.swift */,
				55CB47F31FCCD67F003F3610 /* UserAgent.swift */,
			);
			path = Network;
			sourceTree = "<group>";
		};
		55CB47F51FCCD803003F3610 /* Logger */ = {
			isa = PBXGroup;
			children = (
				55B897E41FCB1CED00FC4EF6 /* Logger.swift */,
			);
			path = Logger;
			sourceTree = "<group>";
		};
		55CB47F81FCCDA72003F3610 /* Model */ = {
			isa = PBXGroup;
			children = (
				55F46B681FD488B4005B90BF /* SuperLachaisePOI */,
				55CB47FA1FCCDAEC003F3610 /* OpenStreetMapElement */,
			);
			path = Model;
			sourceTree = "<group>";
		};
		55CB47F91FCCDA8B003F3610 /* Context */ = {
			isa = PBXGroup;
			children = (
				55B897E11FCB169F00FC4EF6 /* RealmContext.swift */,
				55B536EF1FD335B300036FFC /* RealmContext+Background.swift */,
			);
			path = Context;
			sourceTree = "<group>";
		};
		55CB47FA1FCCDAEC003F3610 /* OpenStreetMapElement */ = {
			isa = PBXGroup;
			children = (
				55CB47FB1FCCDB02003F3610 /* OpenStreetMapElement.swift */,
				55CB47FD1FCCDDEC003F3610 /* OpenStreetMapElement+Id.swift */,
				55E8A3AB1FD8AE5A000B6FC2 /* OpenStreetMapElement+Protocols.swift */,
			);
			path = OpenStreetMapElement;
			sourceTree = "<group>";
		};
		55CB48011FCCE4B6003F3610 /* Error */ = {
			isa = PBXGroup;
			children = (
				55CB48021FCCE4C0003F3610 /* Errors.swift */,
			);
			path = Error;
			sourceTree = "<group>";
		};
		55F46B681FD488B4005B90BF /* SuperLachaisePOI */ = {
			isa = PBXGroup;
			children = (
				55F46B691FD488C3005B90BF /* SuperLachaisePOI.swift */,
				55E8A3AD1FD8AED6000B6FC2 /* SuperLachaisePOI+Protocols.swift */,
			);
			path = SuperLachaisePOI;
			sourceTree = "<group>";
		};
		7228E91E82198F3E02A4CC6A /* Pods */ = {
			isa = PBXGroup;
			children = (
				CC397459331B1FF483D6C8E6 /* Pods-SuperLachaiseAdmin.debug.xcconfig */,
				9FE676F1A85C068B5E930AB6 /* Pods-SuperLachaiseAdmin.release.xcconfig */,
			);
			name = Pods;
			sourceTree = "<group>";
		};
		B8A39DF453571FE7FC4C8BB9 /* Frameworks */ = {
			isa = PBXGroup;
			children = (
				34B8E85B64CCD699D4444D92 /* Pods_SuperLachaiseAdmin.framework */,
			);
			name = Frameworks;
			sourceTree = "<group>";
		};
/* End PBXGroup section */

/* Begin PBXNativeTarget section */
		55605C021FC9C6120010BC5F /* SuperLachaiseAdmin */ = {
			isa = PBXNativeTarget;
			buildConfigurationList = 55605C131FC9C6120010BC5F /* Build configuration list for PBXNativeTarget "SuperLachaiseAdmin" */;
			buildPhases = (
				C607CAF2389BF44BDCB03184 /* [CP] Check Pods Manifest.lock */,
				55605BFF1FC9C6120010BC5F /* Sources */,
				55605C001FC9C6120010BC5F /* Frameworks */,
				55605C011FC9C6120010BC5F /* Resources */,
				55B897DC1FC9C88600FC4EF6 /* Swiftlint */,
				F6B7D40FCBFD8316A7B232A6 /* [CP] Embed Pods Frameworks */,
				F381E0525ACAB7F21F76F096 /* [CP] Copy Pods Resources */,
			);
			buildRules = (
			);
			dependencies = (
			);
			name = SuperLachaiseAdmin;
			productName = SuperLachaiseAdmin;
			productReference = 55605C031FC9C6120010BC5F /* SuperLachaiseAdmin.app */;
			productType = "com.apple.product-type.application";
		};
/* End PBXNativeTarget section */

/* Begin PBXProject section */
		55605BFB1FC9C6120010BC5F /* Project object */ = {
			isa = PBXProject;
			attributes = {
				LastSwiftUpdateCheck = 0910;
				LastUpgradeCheck = 0910;
				TargetAttributes = {
					55605C021FC9C6120010BC5F = {
						CreatedOnToolsVersion = 9.1;
						ProvisioningStyle = Automatic;
					};
				};
			};
			buildConfigurationList = 55605BFE1FC9C6120010BC5F /* Build configuration list for PBXProject "SuperLachaiseAdmin" */;
			compatibilityVersion = "Xcode 8.0";
			developmentRegion = en;
			hasScannedForEncodings = 0;
			knownRegions = (
				en,
				Base,
			);
			mainGroup = 55605BFA1FC9C6120010BC5F;
			productRefGroup = 55605C041FC9C6120010BC5F /* Products */;
			projectDirPath = "";
			projectRoot = "";
			targets = (
				55605C021FC9C6120010BC5F /* SuperLachaiseAdmin */,
			);
		};
/* End PBXProject section */

/* Begin PBXResourcesBuildPhase section */
		55605C011FC9C6120010BC5F /* Resources */ = {
			isa = PBXResourcesBuildPhase;
			buildActionMask = 2147483647;
			files = (
				55605C0B1FC9C6120010BC5F /* Assets.xcassets in Resources */,
				55B897DF1FC9D17700FC4EF6 /* Main.storyboard in Resources */,
			);
			runOnlyForDeploymentPostprocessing = 0;
		};
/* End PBXResourcesBuildPhase section */

/* Begin PBXShellScriptBuildPhase section */
		55B897DC1FC9C88600FC4EF6 /* Swiftlint */ = {
			isa = PBXShellScriptBuildPhase;
			buildActionMask = 2147483647;
			files = (
			);
			inputPaths = (
			);
			name = Swiftlint;
			outputPaths = (
			);
			runOnlyForDeploymentPostprocessing = 0;
			shellPath = /bin/sh;
			shellScript = "\"${PODS_ROOT}/SwiftLint/swiftlint\"";
		};
		C607CAF2389BF44BDCB03184 /* [CP] Check Pods Manifest.lock */ = {
			isa = PBXShellScriptBuildPhase;
			buildActionMask = 2147483647;
			files = (
			);
			inputPaths = (
				"${PODS_PODFILE_DIR_PATH}/Podfile.lock",
				"${PODS_ROOT}/Manifest.lock",
			);
			name = "[CP] Check Pods Manifest.lock";
			outputPaths = (
				"$(DERIVED_FILE_DIR)/Pods-SuperLachaiseAdmin-checkManifestLockResult.txt",
			);
			runOnlyForDeploymentPostprocessing = 0;
			shellPath = /bin/sh;
			shellScript = "diff \"${PODS_PODFILE_DIR_PATH}/Podfile.lock\" \"${PODS_ROOT}/Manifest.lock\" > /dev/null\nif [ $? != 0 ] ; then\n    # print error to STDERR\n    echo \"error: The sandbox is not in sync with the Podfile.lock. Run 'pod install' or update your CocoaPods installation.\" >&2\n    exit 1\nfi\n# This output is used by Xcode 'outputs' to avoid re-running this script phase.\necho \"SUCCESS\" > \"${SCRIPT_OUTPUT_FILE_0}\"\n";
			showEnvVarsInLog = 0;
		};
		F381E0525ACAB7F21F76F096 /* [CP] Copy Pods Resources */ = {
			isa = PBXShellScriptBuildPhase;
			buildActionMask = 2147483647;
			files = (
			);
			inputPaths = (
			);
			name = "[CP] Copy Pods Resources";
			outputPaths = (
			);
			runOnlyForDeploymentPostprocessing = 0;
			shellPath = /bin/sh;
			shellScript = "\"${SRCROOT}/Pods/Target Support Files/Pods-SuperLachaiseAdmin/Pods-SuperLachaiseAdmin-resources.sh\"\n";
			showEnvVarsInLog = 0;
		};
		F6B7D40FCBFD8316A7B232A6 /* [CP] Embed Pods Frameworks */ = {
			isa = PBXShellScriptBuildPhase;
			buildActionMask = 2147483647;
			files = (
			);
			inputPaths = (
				"${SRCROOT}/Pods/Target Support Files/Pods-SuperLachaiseAdmin/Pods-SuperLachaiseAdmin-frameworks.sh",
				"${BUILT_PRODUCTS_DIR}/Realm/Realm.framework",
				"${BUILT_PRODUCTS_DIR}/RealmSwift/RealmSwift.framework",
				"${BUILT_PRODUCTS_DIR}/RxCocoa/RxCocoa.framework",
				"${BUILT_PRODUCTS_DIR}/RxRealm/RxRealm.framework",
				"${BUILT_PRODUCTS_DIR}/RxSwift/RxSwift.framework",
			);
			name = "[CP] Embed Pods Frameworks";
			outputPaths = (
				"${TARGET_BUILD_DIR}/${FRAMEWORKS_FOLDER_PATH}/Realm.framework",
				"${TARGET_BUILD_DIR}/${FRAMEWORKS_FOLDER_PATH}/RealmSwift.framework",
				"${TARGET_BUILD_DIR}/${FRAMEWORKS_FOLDER_PATH}/RxCocoa.framework",
				"${TARGET_BUILD_DIR}/${FRAMEWORKS_FOLDER_PATH}/RxRealm.framework",
				"${TARGET_BUILD_DIR}/${FRAMEWORKS_FOLDER_PATH}/RxSwift.framework",
			);
			runOnlyForDeploymentPostprocessing = 0;
			shellPath = /bin/sh;
			shellScript = "\"${SRCROOT}/Pods/Target Support Files/Pods-SuperLachaiseAdmin/Pods-SuperLachaiseAdmin-frameworks.sh\"\n";
			showEnvVarsInLog = 0;
		};
/* End PBXShellScriptBuildPhase section */

/* Begin PBXSourcesBuildPhase section */
		55605BFF1FC9C6120010BC5F /* Sources */ = {
			isa = PBXSourcesBuildPhase;
			buildActionMask = 2147483647;
			files = (
				55B536FC1FD33D1B00036FFC /* ListViewObjectItem.swift in Sources */,
				55CB47FC1FCCDB02003F3610 /* OpenStreetMapElement.swift in Sources */,
				55A8D2431FCF5BA500BB00BC /* Config.swift in Sources */,
				55BD408D1FD30B4B005ACD89 /* ListViewController.swift in Sources */,
				55F46B701FD497FD005B90BF /* ListViewController+Actions.swift in Sources */,
				55F46B6A1FD488C3005B90BF /* SuperLachaisePOI.swift in Sources */,
				55B536FF1FD33E0C00036FFC /* ListViewObjectListItem.swift in Sources */,
				55A8D2531FCF5FFB00BB00BC /* TaskController+OpenStreetMap.swift in Sources */,
				55A8D2331FCF3EDE00BB00BC /* Realm+Requests.swift in Sources */,
				55A8D2511FCF5F9C00BB00BC /* TaskController.swift in Sources */,
				55605C071FC9C6120010BC5F /* AppDelegate.swift in Sources */,
				55A8D24C1FCF5E5000BB00BC /* PereLachaiseOpenStreetMapConfig.swift in Sources */,
				55CB47EF1FCCD31F003F3610 /* URL.swift in Sources */,
				55A8D24E1FCF5F0100BB00BC /* PereLachaiseConfig.swift in Sources */,
				55C82D9B1FCE282C00D606A2 /* Rx+Utils.swift in Sources */,
				5587F9F11FCF6927004C9E28 /* RootViewController.swift in Sources */,
				55B537011FD3413800036FFC /* RealmListable.swift in Sources */,
				558F26981FCE00D5009BAA8E /* OverpassResults.swift in Sources */,
				55B897EE1FCB29C400FC4EF6 /* Operation+Rx.swift in Sources */,
				55CB47EA1FCCD1AB003F3610 /* APIEndpoint+Overpass.swift in Sources */,
				55B897E21FCB169F00FC4EF6 /* RealmContext.swift in Sources */,
				55E8A3AE1FD8AED6000B6FC2 /* SuperLachaisePOI+Protocols.swift in Sources */,
				55CB47FE1FCCDDEC003F3610 /* OpenStreetMapElement+Id.swift in Sources */,
				558F26931FCDE5FB009BAA8E /* Task.swift in Sources */,
				55B897EC1FCB282800FC4EF6 /* RxOperation.swift in Sources */,
				55CB47F41FCCD67F003F3610 /* UserAgent.swift in Sources */,
				55E8A3AC1FD8AE5A000B6FC2 /* OpenStreetMapElement+Protocols.swift in Sources */,
				55B536E71FD3230C00036FFC /* ListViewItem.swift in Sources */,
				55B537071FD351C800036FFC /* RealmIdentifiable.swift in Sources */,
				55A8D2491FCF5D9D00BB00BC /* BoundingBox.swift in Sources */,
				55B536E51FD31C6800036FFC /* MainWindowController.swift in Sources */,
				55B536EC1FD326D400036FFC /* ListViewRootItem.swift in Sources */,
				55B897E91FCB26A600FC4EF6 /* ConcurrentOperation.swift in Sources */,
				55A8D2451FCF5C3A00BB00BC /* OpenStreetMapConfig.swift in Sources */,
				55CB48031FCCE4C0003F3610 /* Errors.swift in Sources */,
				55B536F01FD335B300036FFC /* RealmContext+Background.swift in Sources */,
				55B897E51FCB1CED00FC4EF6 /* Logger.swift in Sources */,
				5587F9F51FCF6E9F004C9E28 /* RootViewController+Sync.swift in Sources */,
				55B080871FCCCEBD0006A0C2 /* APIEndpoint.swift in Sources */,
				55E8A3AA1FD8A9EE000B6FC2 /* RealmOpenableInBrowser.swift in Sources */,
				55CB47F71FCCD8D6003F3610 /* SyncOpenStreetMapElements.swift in Sources */,
				55A8D23B1FCF52A900BB00BC /* RealmDeletable.swift in Sources */,
			);
			runOnlyForDeploymentPostprocessing = 0;
		};
/* End PBXSourcesBuildPhase section */

/* Begin XCBuildConfiguration section */
		55605C111FC9C6120010BC5F /* Debug */ = {
			isa = XCBuildConfiguration;
			buildSettings = {
				ALWAYS_SEARCH_USER_PATHS = NO;
				CLANG_ANALYZER_NONNULL = YES;
				CLANG_ANALYZER_NUMBER_OBJECT_CONVERSION = YES_AGGRESSIVE;
				CLANG_CXX_LANGUAGE_STANDARD = "gnu++14";
				CLANG_CXX_LIBRARY = "libc++";
				CLANG_ENABLE_MODULES = YES;
				CLANG_ENABLE_OBJC_ARC = YES;
				CLANG_WARN_BLOCK_CAPTURE_AUTORELEASING = YES;
				CLANG_WARN_BOOL_CONVERSION = YES;
				CLANG_WARN_COMMA = YES;
				CLANG_WARN_CONSTANT_CONVERSION = YES;
				CLANG_WARN_DIRECT_OBJC_ISA_USAGE = YES_ERROR;
				CLANG_WARN_DOCUMENTATION_COMMENTS = YES;
				CLANG_WARN_EMPTY_BODY = YES;
				CLANG_WARN_ENUM_CONVERSION = YES;
				CLANG_WARN_INFINITE_RECURSION = YES;
				CLANG_WARN_INT_CONVERSION = YES;
				CLANG_WARN_NON_LITERAL_NULL_CONVERSION = YES;
				CLANG_WARN_OBJC_LITERAL_CONVERSION = YES;
				CLANG_WARN_OBJC_ROOT_CLASS = YES_ERROR;
				CLANG_WARN_RANGE_LOOP_ANALYSIS = YES;
				CLANG_WARN_STRICT_PROTOTYPES = YES;
				CLANG_WARN_SUSPICIOUS_MOVE = YES;
				CLANG_WARN_UNGUARDED_AVAILABILITY = YES_AGGRESSIVE;
				CLANG_WARN_UNREACHABLE_CODE = YES;
				CLANG_WARN__DUPLICATE_METHOD_MATCH = YES;
				CODE_SIGN_IDENTITY = "Mac Developer";
				COPY_PHASE_STRIP = NO;
				DEBUG_INFORMATION_FORMAT = dwarf;
				ENABLE_STRICT_OBJC_MSGSEND = YES;
				ENABLE_TESTABILITY = YES;
				GCC_C_LANGUAGE_STANDARD = gnu11;
				GCC_DYNAMIC_NO_PIC = NO;
				GCC_NO_COMMON_BLOCKS = YES;
				GCC_OPTIMIZATION_LEVEL = 0;
				GCC_PREPROCESSOR_DEFINITIONS = (
					"DEBUG=1",
					"$(inherited)",
				);
				GCC_WARN_64_TO_32_BIT_CONVERSION = YES;
				GCC_WARN_ABOUT_RETURN_TYPE = YES_ERROR;
				GCC_WARN_UNDECLARED_SELECTOR = YES;
				GCC_WARN_UNINITIALIZED_AUTOS = YES_AGGRESSIVE;
				GCC_WARN_UNUSED_FUNCTION = YES;
				GCC_WARN_UNUSED_VARIABLE = YES;
				MACOSX_DEPLOYMENT_TARGET = 10.13;
				MTL_ENABLE_DEBUG_INFO = YES;
				ONLY_ACTIVE_ARCH = YES;
				SDKROOT = macosx;
				SWIFT_ACTIVE_COMPILATION_CONDITIONS = DEBUG;
				SWIFT_OPTIMIZATION_LEVEL = "-Onone";
			};
			name = Debug;
		};
		55605C121FC9C6120010BC5F /* Release */ = {
			isa = XCBuildConfiguration;
			buildSettings = {
				ALWAYS_SEARCH_USER_PATHS = NO;
				CLANG_ANALYZER_NONNULL = YES;
				CLANG_ANALYZER_NUMBER_OBJECT_CONVERSION = YES_AGGRESSIVE;
				CLANG_CXX_LANGUAGE_STANDARD = "gnu++14";
				CLANG_CXX_LIBRARY = "libc++";
				CLANG_ENABLE_MODULES = YES;
				CLANG_ENABLE_OBJC_ARC = YES;
				CLANG_WARN_BLOCK_CAPTURE_AUTORELEASING = YES;
				CLANG_WARN_BOOL_CONVERSION = YES;
				CLANG_WARN_COMMA = YES;
				CLANG_WARN_CONSTANT_CONVERSION = YES;
				CLANG_WARN_DIRECT_OBJC_ISA_USAGE = YES_ERROR;
				CLANG_WARN_DOCUMENTATION_COMMENTS = YES;
				CLANG_WARN_EMPTY_BODY = YES;
				CLANG_WARN_ENUM_CONVERSION = YES;
				CLANG_WARN_INFINITE_RECURSION = YES;
				CLANG_WARN_INT_CONVERSION = YES;
				CLANG_WARN_NON_LITERAL_NULL_CONVERSION = YES;
				CLANG_WARN_OBJC_LITERAL_CONVERSION = YES;
				CLANG_WARN_OBJC_ROOT_CLASS = YES_ERROR;
				CLANG_WARN_RANGE_LOOP_ANALYSIS = YES;
				CLANG_WARN_STRICT_PROTOTYPES = YES;
				CLANG_WARN_SUSPICIOUS_MOVE = YES;
				CLANG_WARN_UNGUARDED_AVAILABILITY = YES_AGGRESSIVE;
				CLANG_WARN_UNREACHABLE_CODE = YES;
				CLANG_WARN__DUPLICATE_METHOD_MATCH = YES;
				CODE_SIGN_IDENTITY = "Mac Developer";
				COPY_PHASE_STRIP = NO;
				DEBUG_INFORMATION_FORMAT = "dwarf-with-dsym";
				ENABLE_NS_ASSERTIONS = NO;
				ENABLE_STRICT_OBJC_MSGSEND = YES;
				GCC_C_LANGUAGE_STANDARD = gnu11;
				GCC_NO_COMMON_BLOCKS = YES;
				GCC_WARN_64_TO_32_BIT_CONVERSION = YES;
				GCC_WARN_ABOUT_RETURN_TYPE = YES_ERROR;
				GCC_WARN_UNDECLARED_SELECTOR = YES;
				GCC_WARN_UNINITIALIZED_AUTOS = YES_AGGRESSIVE;
				GCC_WARN_UNUSED_FUNCTION = YES;
				GCC_WARN_UNUSED_VARIABLE = YES;
				MACOSX_DEPLOYMENT_TARGET = 10.13;
				MTL_ENABLE_DEBUG_INFO = NO;
				SDKROOT = macosx;
				SWIFT_OPTIMIZATION_LEVEL = "-Owholemodule";
			};
			name = Release;
		};
		55605C141FC9C6120010BC5F /* Debug */ = {
			isa = XCBuildConfiguration;
			baseConfigurationReference = CC397459331B1FF483D6C8E6 /* Pods-SuperLachaiseAdmin.debug.xcconfig */;
			buildSettings = {
				ASSETCATALOG_COMPILER_APPICON_NAME = AppIcon;
				CODE_SIGN_STYLE = Automatic;
				COMBINE_HIDPI_IMAGES = YES;
				DEVELOPMENT_TEAM = X98LPJ7446;
				INFOPLIST_FILE = SuperLachaiseAdmin/Info.plist;
				LD_RUNPATH_SEARCH_PATHS = "$(inherited) @executable_path/../Frameworks";
				PRODUCT_BUNDLE_IDENTIFIER = fr.maximelemoine.SuperLachaiseAdmin;
				PRODUCT_NAME = "$(TARGET_NAME)";
				SWIFT_VERSION = 4.0;
			};
			name = Debug;
		};
		55605C151FC9C6120010BC5F /* Release */ = {
			isa = XCBuildConfiguration;
			baseConfigurationReference = 9FE676F1A85C068B5E930AB6 /* Pods-SuperLachaiseAdmin.release.xcconfig */;
			buildSettings = {
				ASSETCATALOG_COMPILER_APPICON_NAME = AppIcon;
				CODE_SIGN_STYLE = Automatic;
				COMBINE_HIDPI_IMAGES = YES;
				DEVELOPMENT_TEAM = X98LPJ7446;
				INFOPLIST_FILE = SuperLachaiseAdmin/Info.plist;
				LD_RUNPATH_SEARCH_PATHS = "$(inherited) @executable_path/../Frameworks";
				PRODUCT_BUNDLE_IDENTIFIER = fr.maximelemoine.SuperLachaiseAdmin;
				PRODUCT_NAME = "$(TARGET_NAME)";
				SWIFT_VERSION = 4.0;
			};
			name = Release;
		};
/* End XCBuildConfiguration section */

/* Begin XCConfigurationList section */
		55605BFE1FC9C6120010BC5F /* Build configuration list for PBXProject "SuperLachaiseAdmin" */ = {
			isa = XCConfigurationList;
			buildConfigurations = (
				55605C111FC9C6120010BC5F /* Debug */,
				55605C121FC9C6120010BC5F /* Release */,
			);
			defaultConfigurationIsVisible = 0;
			defaultConfigurationName = Release;
		};
		55605C131FC9C6120010BC5F /* Build configuration list for PBXNativeTarget "SuperLachaiseAdmin" */ = {
			isa = XCConfigurationList;
			buildConfigurations = (
				55605C141FC9C6120010BC5F /* Debug */,
				55605C151FC9C6120010BC5F /* Release */,
			);
			defaultConfigurationIsVisible = 0;
			defaultConfigurationName = Release;
		};
/* End XCConfigurationList section */
	};
	rootObject = 55605BFB1FC9C6120010BC5F /* Project object */;
}
