// !$*UTF8*$!
{
	archiveVersion = 1;
	classes = {
	};
	objectVersion = 48;
	objects = {

/* Begin PBXBuildFile section */
		18A19439D64C84896B645017 /* Pods_SuperLachaiseAdmin.framework in Frameworks */ = {isa = PBXBuildFile; fileRef = 34B8E85B64CCD699D4444D92 /* Pods_SuperLachaiseAdmin.framework */; };
		5513EF421FE4998C00BD3A22 /* DetailViewController.swift in Sources */ = {isa = PBXBuildFile; fileRef = 5513EF411FE4998C00BD3A22 /* DetailViewController.swift */; };
		5513EF481FE4A62B00BD3A22 /* FlippedClipView.swift in Sources */ = {isa = PBXBuildFile; fileRef = 5513EF471FE4A62B00BD3A22 /* FlippedClipView.swift */; };
		5513EF4B1FE6A54F00BD3A22 /* DetailViewModel.swift in Sources */ = {isa = PBXBuildFile; fileRef = 5513EF4A1FE6A54F00BD3A22 /* DetailViewModel.swift */; };
		5513EF591FE6BAC000BD3A22 /* DetailViewTitleView.xib in Resources */ = {isa = PBXBuildFile; fileRef = 5513EF581FE6BAC000BD3A22 /* DetailViewTitleView.xib */; };
		5513EF5B1FE6BACC00BD3A22 /* DetailViewTitleView.swift in Sources */ = {isa = PBXBuildFile; fileRef = 5513EF5A1FE6BACC00BD3A22 /* DetailViewTitleView.swift */; };
		5513EF5E1FE6BD3A00BD3A22 /* NSNib+Instantiate.swift in Sources */ = {isa = PBXBuildFile; fileRef = 5513EF5D1FE6BD3A00BD3A22 /* NSNib+Instantiate.swift */; };
		5513EF611FE6C30F00BD3A22 /* DetailViewURLView.swift in Sources */ = {isa = PBXBuildFile; fileRef = 5513EF601FE6C30F00BD3A22 /* DetailViewURLView.swift */; };
		5513EF6B1FE6C6CB00BD3A22 /* DetailViewURLView.xib in Resources */ = {isa = PBXBuildFile; fileRef = 5513EF6A1FE6C6CB00BD3A22 /* DetailViewURLView.xib */; };
		5513EF711FE6D76100BD3A22 /* NSTextField+HTML.swift in Sources */ = {isa = PBXBuildFile; fileRef = 5513EF701FE6D76100BD3A22 /* NSTextField+HTML.swift */; };
		5513EF741FE6DF2D00BD3A22 /* DetailViewFieldView.swift in Sources */ = {isa = PBXBuildFile; fileRef = 5513EF731FE6DF2D00BD3A22 /* DetailViewFieldView.swift */; };
		5513EF761FE6DF5D00BD3A22 /* DetailViewFieldView.xib in Resources */ = {isa = PBXBuildFile; fileRef = 5513EF751FE6DF5D00BD3A22 /* DetailViewFieldView.xib */; };
		5513EF7A1FE6EDC500BD3A22 /* DetailViewItem.swift in Sources */ = {isa = PBXBuildFile; fileRef = 5513EF791FE6EDC500BD3A22 /* DetailViewItem.swift */; };
		5513EF7C1FE6EE0400BD3A22 /* DetailViewTitleItem.swift in Sources */ = {isa = PBXBuildFile; fileRef = 5513EF7B1FE6EE0300BD3A22 /* DetailViewTitleItem.swift */; };
		5513EF7E1FE6EF3700BD3A22 /* DetailViewURLItem.swift in Sources */ = {isa = PBXBuildFile; fileRef = 5513EF7D1FE6EF3700BD3A22 /* DetailViewURLItem.swift */; };
		5513EF801FE6EF9F00BD3A22 /* DetailViewFieldItem.swift in Sources */ = {isa = PBXBuildFile; fileRef = 5513EF7F1FE6EF9F00BD3A22 /* DetailViewFieldItem.swift */; };
		5513EF851FE6F2EA00BD3A22 /* DetailViewSeparatorView.xib in Resources */ = {isa = PBXBuildFile; fileRef = 5513EF841FE6F2EA00BD3A22 /* DetailViewSeparatorView.xib */; };
		5513EF871FE6F34F00BD3A22 /* DetailViewSeparatorItem.swift in Sources */ = {isa = PBXBuildFile; fileRef = 5513EF861FE6F34F00BD3A22 /* DetailViewSeparatorItem.swift */; };
		5513EF8A1FE6F9DA00BD3A22 /* DetailViewInlineFieldView.xib in Resources */ = {isa = PBXBuildFile; fileRef = 5513EF891FE6F9DA00BD3A22 /* DetailViewInlineFieldView.xib */; };
		5513EF8C1FE6FBC300BD3A22 /* DetailViewInlineFieldView.swift in Sources */ = {isa = PBXBuildFile; fileRef = 5513EF8B1FE6FBC300BD3A22 /* DetailViewInlineFieldView.swift */; };
		5513EF8E1FE6FCAB00BD3A22 /* DetailViewInlineFieldItem.swift in Sources */ = {isa = PBXBuildFile; fileRef = 5513EF8D1FE6FCAB00BD3A22 /* DetailViewInlineFieldItem.swift */; };
		5513EF901FE708B400BD3A22 /* NoScrollView.swift in Sources */ = {isa = PBXBuildFile; fileRef = 5513EF8F1FE708B400BD3A22 /* NoScrollView.swift */; };
		555CF53C2049F28D005CE48F /* CommonsFile.swift in Sources */ = {isa = PBXBuildFile; fileRef = 555CF53B2049F28D005CE48F /* CommonsFile.swift */; };
		555CF53E2049F387005CE48F /* CommonsFile+Requests.swift in Sources */ = {isa = PBXBuildFile; fileRef = 555CF53D2049F387005CE48F /* CommonsFile+Requests.swift */; };
		555CF5402049F3CC005CE48F /* CommonsFile+Protocols.swift in Sources */ = {isa = PBXBuildFile; fileRef = 555CF53F2049F3CC005CE48F /* CommonsFile+Protocols.swift */; };
		555CF5422049F462005CE48F /* CommonsFile+MainWindowModel.swift in Sources */ = {isa = PBXBuildFile; fileRef = 555CF5412049F462005CE48F /* CommonsFile+MainWindowModel.swift */; };
		555CF5442049F507005CE48F /* CommonsFile+URL.swift in Sources */ = {isa = PBXBuildFile; fileRef = 555CF5432049F507005CE48F /* CommonsFile+URL.swift */; };
		555CF5462049F5C5005CE48F /* SyncCommonsFiles.swift in Sources */ = {isa = PBXBuildFile; fileRef = 555CF5452049F5C5005CE48F /* SyncCommonsFiles.swift */; };
		555CF548204A032B005CE48F /* CommonsGetImages.swift in Sources */ = {isa = PBXBuildFile; fileRef = 555CF547204A032B005CE48F /* CommonsGetImages.swift */; };
		555CF54A204A0338005CE48F /* CommonsAPIImage.swift in Sources */ = {isa = PBXBuildFile; fileRef = 555CF549204A0338005CE48F /* CommonsAPIImage.swift */; };
		555CF54D204AFD5C005CE48F /* WikidataCategory.swift in Sources */ = {isa = PBXBuildFile; fileRef = 555CF54C204AFD5C005CE48F /* WikidataCategory.swift */; };
		555CF54F204AFDB3005CE48F /* WikidataCategory+Requests.swift in Sources */ = {isa = PBXBuildFile; fileRef = 555CF54E204AFDB3005CE48F /* WikidataCategory+Requests.swift */; };
		555CF551204AFDE4005CE48F /* WikidataCategory+Protocols.swift in Sources */ = {isa = PBXBuildFile; fileRef = 555CF550204AFDE4005CE48F /* WikidataCategory+Protocols.swift */; };
		555CF553204AFE31005CE48F /* SyncWikidataCategories.swift in Sources */ = {isa = PBXBuildFile; fileRef = 555CF552204AFE31005CE48F /* SyncWikidataCategories.swift */; };
		555CF555204AFEC3005CE48F /* WikidataCategory+MainWindowModel.swift in Sources */ = {isa = PBXBuildFile; fileRef = 555CF554204AFEC3005CE48F /* WikidataCategory+MainWindowModel.swift */; };
		555CF558204B0234005CE48F /* DetailViewURLFieldView.swift in Sources */ = {isa = PBXBuildFile; fileRef = 555CF557204B0234005CE48F /* DetailViewURLFieldView.swift */; };
		555CF55A204B0286005CE48F /* DetailViewURLFieldItem.swift in Sources */ = {isa = PBXBuildFile; fileRef = 555CF559204B0286005CE48F /* DetailViewURLFieldItem.swift */; };
		555CF55C204B02D5005CE48F /* DetailViewURLFieldView.xib in Resources */ = {isa = PBXBuildFile; fileRef = 555CF55B204B02D5005CE48F /* DetailViewURLFieldView.xib */; };
		55605C071FC9C6120010BC5F /* AppDelegate.swift in Sources */ = {isa = PBXBuildFile; fileRef = 55605C061FC9C6120010BC5F /* AppDelegate.swift */; };
		55605C0B1FC9C6120010BC5F /* Assets.xcassets in Resources */ = {isa = PBXBuildFile; fileRef = 55605C0A1FC9C6120010BC5F /* Assets.xcassets */; };
		55609F98203CC81E0060E3F9 /* TaskController+Commons.swift in Sources */ = {isa = PBXBuildFile; fileRef = 55609F97203CC81E0060E3F9 /* TaskController+Commons.swift */; };
		55609F9B203CC86C0060E3F9 /* APIEndpoint+Commons.swift in Sources */ = {isa = PBXBuildFile; fileRef = 55609F9A203CC86C0060E3F9 /* APIEndpoint+Commons.swift */; };
		5570F98D1FEAFA35000DA3C9 /* Array+Utils.swift in Sources */ = {isa = PBXBuildFile; fileRef = 5570F98C1FEAFA35000DA3C9 /* Array+Utils.swift */; };
		5570F98F1FEAFB3C000DA3C9 /* ClickableTextField.swift in Sources */ = {isa = PBXBuildFile; fileRef = 5570F98E1FEAFB3C000DA3C9 /* ClickableTextField.swift */; };
		5570F99A1FEB0C64000DA3C9 /* MainWindowController+NewWindow.swift in Sources */ = {isa = PBXBuildFile; fileRef = 5570F9991FEB0C64000DA3C9 /* MainWindowController+NewWindow.swift */; };
		5570F99E1FEB1335000DA3C9 /* MainWindowModel.swift in Sources */ = {isa = PBXBuildFile; fileRef = 5570F99D1FEB1335000DA3C9 /* MainWindowModel.swift */; };
		5570F9A11FEB1AB5000DA3C9 /* MainWindowController+Tasks.swift in Sources */ = {isa = PBXBuildFile; fileRef = 5570F9A01FEB1AB5000DA3C9 /* MainWindowController+Tasks.swift */; };
		5570F9A31FEB1B35000DA3C9 /* MainWindowController+Navigation.swift in Sources */ = {isa = PBXBuildFile; fileRef = 5570F9A21FEB1B35000DA3C9 /* MainWindowController+Navigation.swift */; };
		5570F9A51FEB21C5000DA3C9 /* SuperLachaisePOI+MainWindowModel.swift in Sources */ = {isa = PBXBuildFile; fileRef = 5570F9A41FEB21C5000DA3C9 /* SuperLachaisePOI+MainWindowModel.swift */; };
		5570F9A71FEB2205000DA3C9 /* OpenStreetMapElement+MainWindowModel.swift in Sources */ = {isa = PBXBuildFile; fileRef = 5570F9A61FEB2205000DA3C9 /* OpenStreetMapElement+MainWindowModel.swift */; };
		5570F9A91FEB2238000DA3C9 /* WikidataEntry+MainWindowModel.swift in Sources */ = {isa = PBXBuildFile; fileRef = 5570F9A81FEB2238000DA3C9 /* WikidataEntry+MainWindowModel.swift */; };
		5570F9B11FEC4D7E000DA3C9 /* WikipediaPage.swift in Sources */ = {isa = PBXBuildFile; fileRef = 5570F9B01FEC4D7E000DA3C9 /* WikipediaPage.swift */; };
		5570F9B31FEC4E3C000DA3C9 /* WikipediaPage+Id.swift in Sources */ = {isa = PBXBuildFile; fileRef = 5570F9B21FEC4E3C000DA3C9 /* WikipediaPage+Id.swift */; };
		5570F9B51FEC4FE8000DA3C9 /* WikipediaPage+Requests.swift in Sources */ = {isa = PBXBuildFile; fileRef = 5570F9B41FEC4FE8000DA3C9 /* WikipediaPage+Requests.swift */; };
		5570F9B71FEC5043000DA3C9 /* WikipediaPage+Protocols.swift in Sources */ = {isa = PBXBuildFile; fileRef = 5570F9B61FEC5043000DA3C9 /* WikipediaPage+Protocols.swift */; };
		5570F9B91FEC5755000DA3C9 /* Syncable.swift in Sources */ = {isa = PBXBuildFile; fileRef = 5570F9B81FEC5755000DA3C9 /* Syncable.swift */; };
		5570F9BE1FEC6E26000DA3C9 /* APIEndpoint+Wikipedia.swift in Sources */ = {isa = PBXBuildFile; fileRef = 5570F9BD1FEC6E26000DA3C9 /* APIEndpoint+Wikipedia.swift */; };
		5570F9C01FEC6ED3000DA3C9 /* SyncWikipediaPages.swift in Sources */ = {isa = PBXBuildFile; fileRef = 5570F9BF1FEC6ED3000DA3C9 /* SyncWikipediaPages.swift */; };
		5570F9C21FEC6F8C000DA3C9 /* TaskController+Wikipedia.swift in Sources */ = {isa = PBXBuildFile; fileRef = 5570F9C11FEC6F8C000DA3C9 /* TaskController+Wikipedia.swift */; };
		5570F9C41FEC70A1000DA3C9 /* WikipediaPage+MainWindowModel.swift in Sources */ = {isa = PBXBuildFile; fileRef = 5570F9C31FEC70A1000DA3C9 /* WikipediaPage+MainWindowModel.swift */; };
		5570F9C81FEC7A74000DA3C9 /* MainWindowController+Search.swift in Sources */ = {isa = PBXBuildFile; fileRef = 5570F9C71FEC7A74000DA3C9 /* MainWindowController+Search.swift */; };
		5570F9CA1FED9249000DA3C9 /* WikipediaGetPages.swift in Sources */ = {isa = PBXBuildFile; fileRef = 5570F9C91FED9249000DA3C9 /* WikipediaGetPages.swift */; };
		5570F9CD1FEDA00D000DA3C9 /* WikipediaAPIPage.swift in Sources */ = {isa = PBXBuildFile; fileRef = 5570F9CC1FEDA00D000DA3C9 /* WikipediaAPIPage.swift */; };
		5570F9CF1FEDAA11000DA3C9 /* WikidataLocalizedEntry+Requests.swift in Sources */ = {isa = PBXBuildFile; fileRef = 5570F9CE1FEDAA11000DA3C9 /* WikidataLocalizedEntry+Requests.swift */; };
		5570F9D41FEE8B32000DA3C9 /* DetailViewHTMLFieldView.xib in Resources */ = {isa = PBXBuildFile; fileRef = 5570F9D11FEE8B32000DA3C9 /* DetailViewHTMLFieldView.xib */; };
		5570F9D51FEE8B32000DA3C9 /* DetailViewHTMLFieldItem.swift in Sources */ = {isa = PBXBuildFile; fileRef = 5570F9D21FEE8B32000DA3C9 /* DetailViewHTMLFieldItem.swift */; };
		5570F9D61FEE8B32000DA3C9 /* DetailViewHTMLFieldView.swift in Sources */ = {isa = PBXBuildFile; fileRef = 5570F9D31FEE8B32000DA3C9 /* DetailViewHTMLFieldView.swift */; };
		5587F9F11FCF6927004C9E28 /* RootViewController.swift in Sources */ = {isa = PBXBuildFile; fileRef = 5587F9F01FCF6927004C9E28 /* RootViewController.swift */; };
		558F26981FCE00D5009BAA8E /* OverpassElement.swift in Sources */ = {isa = PBXBuildFile; fileRef = 558F26971FCE00D5009BAA8E /* OverpassElement.swift */; };
		55A8D23B1FCF52A900BB00BC /* Deletable.swift in Sources */ = {isa = PBXBuildFile; fileRef = 55A8D23A1FCF52A900BB00BC /* Deletable.swift */; };
		55A8D2431FCF5BA500BB00BC /* Config.swift in Sources */ = {isa = PBXBuildFile; fileRef = 55A8D2421FCF5BA500BB00BC /* Config.swift */; };
		55A8D2451FCF5C3A00BB00BC /* OpenStreetMapConfig.swift in Sources */ = {isa = PBXBuildFile; fileRef = 55A8D2441FCF5C3A00BB00BC /* OpenStreetMapConfig.swift */; };
		55A8D2491FCF5D9D00BB00BC /* BoundingBox.swift in Sources */ = {isa = PBXBuildFile; fileRef = 55A8D2481FCF5D9D00BB00BC /* BoundingBox.swift */; };
		55A8D24C1FCF5E5000BB00BC /* PereLachaiseOpenStreetMapConfig.swift in Sources */ = {isa = PBXBuildFile; fileRef = 55A8D24B1FCF5E5000BB00BC /* PereLachaiseOpenStreetMapConfig.swift */; };
		55A8D24E1FCF5F0100BB00BC /* PereLachaiseConfig.swift in Sources */ = {isa = PBXBuildFile; fileRef = 55A8D24D1FCF5F0100BB00BC /* PereLachaiseConfig.swift */; };
		55A8D2511FCF5F9C00BB00BC /* TaskController.swift in Sources */ = {isa = PBXBuildFile; fileRef = 55A8D2501FCF5F9C00BB00BC /* TaskController.swift */; };
		55A8D2531FCF5FFB00BB00BC /* TaskController+OpenStreetMap.swift in Sources */ = {isa = PBXBuildFile; fileRef = 55A8D2521FCF5FFB00BB00BC /* TaskController+OpenStreetMap.swift */; };
		55AB3DEC1FE091D90011AF47 /* SuperLachaisePOI+Requests.swift in Sources */ = {isa = PBXBuildFile; fileRef = 55AB3DEB1FE091D90011AF47 /* SuperLachaisePOI+Requests.swift */; };
		55AB3DEE1FE092940011AF47 /* OpenStreetMapElement+Requests.swift in Sources */ = {isa = PBXBuildFile; fileRef = 55AB3DED1FE092940011AF47 /* OpenStreetMapElement+Requests.swift */; };
		55AB3DF01FE094430011AF47 /* WikidataEntry+Requests.swift in Sources */ = {isa = PBXBuildFile; fileRef = 55AB3DEF1FE094430011AF47 /* WikidataEntry+Requests.swift */; };
		55AB3DF21FE1E5350011AF47 /* RealmList+Replace.swift in Sources */ = {isa = PBXBuildFile; fileRef = 55AB3DF11FE1E5350011AF47 /* RealmList+Replace.swift */; };
		55AB3DFA1FE306CC0011AF47 /* Realm+Write.swift in Sources */ = {isa = PBXBuildFile; fileRef = 55AB3DF91FE306CC0011AF47 /* Realm+Write.swift */; };
		55AB3E091FE32A500011AF47 /* WikidataEntry+Date.swift in Sources */ = {isa = PBXBuildFile; fileRef = 55AB3E081FE32A500011AF47 /* WikidataEntry+Date.swift */; };
		55B080871FCCCEBD0006A0C2 /* APIEndpoint.swift in Sources */ = {isa = PBXBuildFile; fileRef = 55B080861FCCCEBD0006A0C2 /* APIEndpoint.swift */; };
		55B32E961FF25ADC00E97B70 /* TaskOperation.swift in Sources */ = {isa = PBXBuildFile; fileRef = 55B32E951FF25ADC00E97B70 /* TaskOperation.swift */; };
		55B365821FDB206B00EB84BD /* Realm+Async.swift in Sources */ = {isa = PBXBuildFile; fileRef = 55B365811FDB206B00EB84BD /* Realm+Async.swift */; };
		55B365841FDD9EA900EB84BD /* AppContainer.swift in Sources */ = {isa = PBXBuildFile; fileRef = 55B365831FDD9EA900EB84BD /* AppContainer.swift */; };
		55B365881FDDAD1900EB84BD /* ConsoleLogger.swift in Sources */ = {isa = PBXBuildFile; fileRef = 55B365871FDDAD1900EB84BD /* ConsoleLogger.swift */; };
		55B3658B1FDDAE7A00EB84BD /* WikidataEntry.swift in Sources */ = {isa = PBXBuildFile; fileRef = 55B3658A1FDDAE7A00EB84BD /* WikidataEntry.swift */; };
		55B3658D1FDDAEC800EB84BD /* WikidataEntry+Protocols.swift in Sources */ = {isa = PBXBuildFile; fileRef = 55B3658C1FDDAEC800EB84BD /* WikidataEntry+Protocols.swift */; };
		55B365911FDDB23300EB84BD /* APIEndpoint+Wikidata.swift in Sources */ = {isa = PBXBuildFile; fileRef = 55B365901FDDB23300EB84BD /* APIEndpoint+Wikidata.swift */; };
		55B365931FDDB28800EB84BD /* TaskController+Wikidata.swift in Sources */ = {isa = PBXBuildFile; fileRef = 55B365921FDDB28800EB84BD /* TaskController+Wikidata.swift */; };
		55B365951FDDB33E00EB84BD /* WikidataConfig.swift in Sources */ = {isa = PBXBuildFile; fileRef = 55B365941FDDB33E00EB84BD /* WikidataConfig.swift */; };
		55B365971FDDB36100EB84BD /* PereLachaiseWikidataConfig.swift in Sources */ = {isa = PBXBuildFile; fileRef = 55B365961FDDB36100EB84BD /* PereLachaiseWikidataConfig.swift */; };
		55B365991FDDB5E400EB84BD /* SyncWikidataEntries.swift in Sources */ = {isa = PBXBuildFile; fileRef = 55B365981FDDB5E400EB84BD /* SyncWikidataEntries.swift */; };
		55B365A11FDDDB0F00EB84BD /* OverpassGetElements.swift in Sources */ = {isa = PBXBuildFile; fileRef = 55B365A01FDDDB0F00EB84BD /* OverpassGetElements.swift */; };
		55B365A31FDDDFEE00EB84BD /* WikidataGetEntities.swift in Sources */ = {isa = PBXBuildFile; fileRef = 55B365A21FDDDFEE00EB84BD /* WikidataGetEntities.swift */; };
		55B365AC1FDDF33C00EB84BD /* WikidataEntity.swift in Sources */ = {isa = PBXBuildFile; fileRef = 55B365AB1FDDF33C00EB84BD /* WikidataEntity.swift */; };
		55B365AE1FDDF38000EB84BD /* WikidataClaim.swift in Sources */ = {isa = PBXBuildFile; fileRef = 55B365AD1FDDF38000EB84BD /* WikidataClaim.swift */; };
		55B365B01FDDF93400EB84BD /* Task.swift in Sources */ = {isa = PBXBuildFile; fileRef = 55B365AF1FDDF93400EB84BD /* Task.swift */; };
		55B365BA1FE071CE00EB84BD /* WikidataLocalizedEntry.swift in Sources */ = {isa = PBXBuildFile; fileRef = 55B365B91FE071CE00EB84BD /* WikidataLocalizedEntry.swift */; };
		55B365C01FE07D7D00EB84BD /* WikidataEntry+Nature.swift in Sources */ = {isa = PBXBuildFile; fileRef = 55B365BF1FE07D7D00EB84BD /* WikidataEntry+Nature.swift */; };
		55B365C51FE07E7F00EB84BD /* WikidataEntityName.swift in Sources */ = {isa = PBXBuildFile; fileRef = 55B365C41FE07E7F00EB84BD /* WikidataEntityName.swift */; };
		55B365C71FE07FDB00EB84BD /* WikidataPropertyName.swift in Sources */ = {isa = PBXBuildFile; fileRef = 55B365C61FE07FDB00EB84BD /* WikidataPropertyName.swift */; };
		55B536E51FD31C6800036FFC /* MainWindowController.swift in Sources */ = {isa = PBXBuildFile; fileRef = 55B536E41FD31C6800036FFC /* MainWindowController.swift */; };
		55B536E71FD3230C00036FFC /* ListViewItem.swift in Sources */ = {isa = PBXBuildFile; fileRef = 55B536E61FD3230C00036FFC /* ListViewItem.swift */; };
		55B536EC1FD326D400036FFC /* ListViewRootItem.swift in Sources */ = {isa = PBXBuildFile; fileRef = 55B536EB1FD326D400036FFC /* ListViewRootItem.swift */; };
		55B536FC1FD33D1B00036FFC /* ListViewObjectItem.swift in Sources */ = {isa = PBXBuildFile; fileRef = 55B536FB1FD33D1B00036FFC /* ListViewObjectItem.swift */; };
		55B536FF1FD33E0C00036FFC /* ListViewObjectListItem.swift in Sources */ = {isa = PBXBuildFile; fileRef = 55B536FE1FD33E0C00036FFC /* ListViewObjectListItem.swift */; };
		55B537011FD3413800036FFC /* Listable.swift in Sources */ = {isa = PBXBuildFile; fileRef = 55B537001FD3413800036FFC /* Listable.swift */; };
		55B537071FD351C800036FFC /* Identifiable.swift in Sources */ = {isa = PBXBuildFile; fileRef = 55B537061FD351C800036FFC /* Identifiable.swift */; };
		55B897DF1FC9D17700FC4EF6 /* Main.storyboard in Resources */ = {isa = PBXBuildFile; fileRef = 55B897DE1FC9D17600FC4EF6 /* Main.storyboard */; };
		55B897E21FCB169F00FC4EF6 /* RealmContext.swift in Sources */ = {isa = PBXBuildFile; fileRef = 55B897E11FCB169F00FC4EF6 /* RealmContext.swift */; };
		55B897E51FCB1CED00FC4EF6 /* Logger.swift in Sources */ = {isa = PBXBuildFile; fileRef = 55B897E41FCB1CED00FC4EF6 /* Logger.swift */; };
		55B897E91FCB26A600FC4EF6 /* ConcurrentOperation.swift in Sources */ = {isa = PBXBuildFile; fileRef = 55B897E81FCB26A600FC4EF6 /* ConcurrentOperation.swift */; };
		55B897EE1FCB29C400FC4EF6 /* Operation+Rx.swift in Sources */ = {isa = PBXBuildFile; fileRef = 55B897ED1FCB29C400FC4EF6 /* Operation+Rx.swift */; };
		55BD408D1FD30B4B005ACD89 /* ListViewController.swift in Sources */ = {isa = PBXBuildFile; fileRef = 55BD408C1FD30B4B005ACD89 /* ListViewController.swift */; };
		55CB47EA1FCCD1AB003F3610 /* APIEndpoint+Overpass.swift in Sources */ = {isa = PBXBuildFile; fileRef = 55CB47E91FCCD1AB003F3610 /* APIEndpoint+Overpass.swift */; };
		55CB47F41FCCD67F003F3610 /* UserAgent.swift in Sources */ = {isa = PBXBuildFile; fileRef = 55CB47F31FCCD67F003F3610 /* UserAgent.swift */; };
		55CB47F71FCCD8D6003F3610 /* SyncOpenStreetMapElements.swift in Sources */ = {isa = PBXBuildFile; fileRef = 55CB47F61FCCD8D6003F3610 /* SyncOpenStreetMapElements.swift */; };
		55CB47FC1FCCDB02003F3610 /* OpenStreetMapElement.swift in Sources */ = {isa = PBXBuildFile; fileRef = 55CB47FB1FCCDB02003F3610 /* OpenStreetMapElement.swift */; };
		55CB47FE1FCCDDEC003F3610 /* OpenStreetMapElement+Id.swift in Sources */ = {isa = PBXBuildFile; fileRef = 55CB47FD1FCCDDEC003F3610 /* OpenStreetMapElement+Id.swift */; };
		55CB48031FCCE4C0003F3610 /* Errors.swift in Sources */ = {isa = PBXBuildFile; fileRef = 55CB48021FCCE4C0003F3610 /* Errors.swift */; };
		55E8A3AA1FD8A9EE000B6FC2 /* OpenableInBrowser.swift in Sources */ = {isa = PBXBuildFile; fileRef = 55E8A3A91FD8A9EE000B6FC2 /* OpenableInBrowser.swift */; };
		55E8A3AC1FD8AE5A000B6FC2 /* OpenStreetMapElement+Protocols.swift in Sources */ = {isa = PBXBuildFile; fileRef = 55E8A3AB1FD8AE5A000B6FC2 /* OpenStreetMapElement+Protocols.swift */; };
		55E8A3AE1FD8AED6000B6FC2 /* SuperLachaisePOI+Protocols.swift in Sources */ = {isa = PBXBuildFile; fileRef = 55E8A3AD1FD8AED6000B6FC2 /* SuperLachaisePOI+Protocols.swift */; };
		55F46B6A1FD488C3005B90BF /* SuperLachaisePOI.swift in Sources */ = {isa = PBXBuildFile; fileRef = 55F46B691FD488C3005B90BF /* SuperLachaisePOI.swift */; };
		55F46B701FD497FD005B90BF /* ListViewController+Actions.swift in Sources */ = {isa = PBXBuildFile; fileRef = 55F46B6F1FD497FD005B90BF /* ListViewController+Actions.swift */; };
/* End PBXBuildFile section */

/* Begin PBXFileReference section */
		34B8E85B64CCD699D4444D92 /* Pods_SuperLachaiseAdmin.framework */ = {isa = PBXFileReference; explicitFileType = wrapper.framework; includeInIndex = 0; path = Pods_SuperLachaiseAdmin.framework; sourceTree = BUILT_PRODUCTS_DIR; };
		5513EF411FE4998C00BD3A22 /* DetailViewController.swift */ = {isa = PBXFileReference; lastKnownFileType = sourcecode.swift; path = DetailViewController.swift; sourceTree = "<group>"; };
		5513EF471FE4A62B00BD3A22 /* FlippedClipView.swift */ = {isa = PBXFileReference; lastKnownFileType = sourcecode.swift; path = FlippedClipView.swift; sourceTree = "<group>"; };
		5513EF4A1FE6A54F00BD3A22 /* DetailViewModel.swift */ = {isa = PBXFileReference; lastKnownFileType = sourcecode.swift; path = DetailViewModel.swift; sourceTree = "<group>"; };
		5513EF581FE6BAC000BD3A22 /* DetailViewTitleView.xib */ = {isa = PBXFileReference; lastKnownFileType = file.xib; path = DetailViewTitleView.xib; sourceTree = "<group>"; };
		5513EF5A1FE6BACC00BD3A22 /* DetailViewTitleView.swift */ = {isa = PBXFileReference; lastKnownFileType = sourcecode.swift; path = DetailViewTitleView.swift; sourceTree = "<group>"; };
		5513EF5D1FE6BD3A00BD3A22 /* NSNib+Instantiate.swift */ = {isa = PBXFileReference; lastKnownFileType = sourcecode.swift; path = "NSNib+Instantiate.swift"; sourceTree = "<group>"; };
		5513EF601FE6C30F00BD3A22 /* DetailViewURLView.swift */ = {isa = PBXFileReference; lastKnownFileType = sourcecode.swift; path = DetailViewURLView.swift; sourceTree = "<group>"; };
		5513EF6A1FE6C6CB00BD3A22 /* DetailViewURLView.xib */ = {isa = PBXFileReference; lastKnownFileType = file.xib; path = DetailViewURLView.xib; sourceTree = "<group>"; };
		5513EF701FE6D76100BD3A22 /* NSTextField+HTML.swift */ = {isa = PBXFileReference; lastKnownFileType = sourcecode.swift; path = "NSTextField+HTML.swift"; sourceTree = "<group>"; };
		5513EF731FE6DF2D00BD3A22 /* DetailViewFieldView.swift */ = {isa = PBXFileReference; lastKnownFileType = sourcecode.swift; path = DetailViewFieldView.swift; sourceTree = "<group>"; };
		5513EF751FE6DF5D00BD3A22 /* DetailViewFieldView.xib */ = {isa = PBXFileReference; lastKnownFileType = file.xib; path = DetailViewFieldView.xib; sourceTree = "<group>"; };
		5513EF791FE6EDC500BD3A22 /* DetailViewItem.swift */ = {isa = PBXFileReference; lastKnownFileType = sourcecode.swift; path = DetailViewItem.swift; sourceTree = "<group>"; };
		5513EF7B1FE6EE0300BD3A22 /* DetailViewTitleItem.swift */ = {isa = PBXFileReference; lastKnownFileType = sourcecode.swift; path = DetailViewTitleItem.swift; sourceTree = "<group>"; };
		5513EF7D1FE6EF3700BD3A22 /* DetailViewURLItem.swift */ = {isa = PBXFileReference; lastKnownFileType = sourcecode.swift; path = DetailViewURLItem.swift; sourceTree = "<group>"; };
		5513EF7F1FE6EF9F00BD3A22 /* DetailViewFieldItem.swift */ = {isa = PBXFileReference; lastKnownFileType = sourcecode.swift; path = DetailViewFieldItem.swift; sourceTree = "<group>"; };
		5513EF841FE6F2EA00BD3A22 /* DetailViewSeparatorView.xib */ = {isa = PBXFileReference; lastKnownFileType = file.xib; path = DetailViewSeparatorView.xib; sourceTree = "<group>"; };
		5513EF861FE6F34F00BD3A22 /* DetailViewSeparatorItem.swift */ = {isa = PBXFileReference; lastKnownFileType = sourcecode.swift; path = DetailViewSeparatorItem.swift; sourceTree = "<group>"; };
		5513EF891FE6F9DA00BD3A22 /* DetailViewInlineFieldView.xib */ = {isa = PBXFileReference; lastKnownFileType = file.xib; path = DetailViewInlineFieldView.xib; sourceTree = "<group>"; };
		5513EF8B1FE6FBC300BD3A22 /* DetailViewInlineFieldView.swift */ = {isa = PBXFileReference; lastKnownFileType = sourcecode.swift; path = DetailViewInlineFieldView.swift; sourceTree = "<group>"; };
		5513EF8D1FE6FCAB00BD3A22 /* DetailViewInlineFieldItem.swift */ = {isa = PBXFileReference; lastKnownFileType = sourcecode.swift; path = DetailViewInlineFieldItem.swift; sourceTree = "<group>"; };
		5513EF8F1FE708B400BD3A22 /* NoScrollView.swift */ = {isa = PBXFileReference; lastKnownFileType = sourcecode.swift; path = NoScrollView.swift; sourceTree = "<group>"; };
		555CF53B2049F28D005CE48F /* CommonsFile.swift */ = {isa = PBXFileReference; lastKnownFileType = sourcecode.swift; path = CommonsFile.swift; sourceTree = "<group>"; };
		555CF53D2049F387005CE48F /* CommonsFile+Requests.swift */ = {isa = PBXFileReference; lastKnownFileType = sourcecode.swift; path = "CommonsFile+Requests.swift"; sourceTree = "<group>"; };
		555CF53F2049F3CC005CE48F /* CommonsFile+Protocols.swift */ = {isa = PBXFileReference; lastKnownFileType = sourcecode.swift; path = "CommonsFile+Protocols.swift"; sourceTree = "<group>"; };
		555CF5412049F462005CE48F /* CommonsFile+MainWindowModel.swift */ = {isa = PBXFileReference; lastKnownFileType = sourcecode.swift; path = "CommonsFile+MainWindowModel.swift"; sourceTree = "<group>"; };
		555CF5432049F507005CE48F /* CommonsFile+URL.swift */ = {isa = PBXFileReference; lastKnownFileType = sourcecode.swift; path = "CommonsFile+URL.swift"; sourceTree = "<group>"; };
		555CF5452049F5C5005CE48F /* SyncCommonsFiles.swift */ = {isa = PBXFileReference; lastKnownFileType = sourcecode.swift; path = SyncCommonsFiles.swift; sourceTree = "<group>"; };
		555CF547204A032B005CE48F /* CommonsGetImages.swift */ = {isa = PBXFileReference; lastKnownFileType = sourcecode.swift; path = CommonsGetImages.swift; sourceTree = "<group>"; };
		555CF549204A0338005CE48F /* CommonsAPIImage.swift */ = {isa = PBXFileReference; lastKnownFileType = sourcecode.swift; name = CommonsAPIImage.swift; path = SuperLachaiseAdmin/Core/Tasks/Commons/API/CommonsAPIImage.swift; sourceTree = SOURCE_ROOT; };
		555CF54C204AFD5C005CE48F /* WikidataCategory.swift */ = {isa = PBXFileReference; lastKnownFileType = sourcecode.swift; path = WikidataCategory.swift; sourceTree = "<group>"; };
		555CF54E204AFDB3005CE48F /* WikidataCategory+Requests.swift */ = {isa = PBXFileReference; lastKnownFileType = sourcecode.swift; path = "WikidataCategory+Requests.swift"; sourceTree = "<group>"; };
		555CF550204AFDE4005CE48F /* WikidataCategory+Protocols.swift */ = {isa = PBXFileReference; lastKnownFileType = sourcecode.swift; path = "WikidataCategory+Protocols.swift"; sourceTree = "<group>"; };
		555CF552204AFE31005CE48F /* SyncWikidataCategories.swift */ = {isa = PBXFileReference; lastKnownFileType = sourcecode.swift; path = SyncWikidataCategories.swift; sourceTree = "<group>"; };
		555CF554204AFEC3005CE48F /* WikidataCategory+MainWindowModel.swift */ = {isa = PBXFileReference; lastKnownFileType = sourcecode.swift; path = "WikidataCategory+MainWindowModel.swift"; sourceTree = "<group>"; };
		555CF557204B0234005CE48F /* DetailViewURLFieldView.swift */ = {isa = PBXFileReference; lastKnownFileType = sourcecode.swift; path = DetailViewURLFieldView.swift; sourceTree = "<group>"; };
		555CF559204B0286005CE48F /* DetailViewURLFieldItem.swift */ = {isa = PBXFileReference; lastKnownFileType = sourcecode.swift; path = DetailViewURLFieldItem.swift; sourceTree = "<group>"; };
		555CF55B204B02D5005CE48F /* DetailViewURLFieldView.xib */ = {isa = PBXFileReference; fileEncoding = 4; lastKnownFileType = file.xib; path = DetailViewURLFieldView.xib; sourceTree = "<group>"; };
		55605C031FC9C6120010BC5F /* SuperLachaiseAdmin.app */ = {isa = PBXFileReference; explicitFileType = wrapper.application; includeInIndex = 0; path = SuperLachaiseAdmin.app; sourceTree = BUILT_PRODUCTS_DIR; };
		55605C061FC9C6120010BC5F /* AppDelegate.swift */ = {isa = PBXFileReference; lastKnownFileType = sourcecode.swift; path = AppDelegate.swift; sourceTree = "<group>"; };
		55605C0A1FC9C6120010BC5F /* Assets.xcassets */ = {isa = PBXFileReference; lastKnownFileType = folder.assetcatalog; path = Assets.xcassets; sourceTree = "<group>"; };
		55605C0F1FC9C6120010BC5F /* Info.plist */ = {isa = PBXFileReference; lastKnownFileType = text.plist.xml; path = Info.plist; sourceTree = "<group>"; };
		55609F97203CC81E0060E3F9 /* TaskController+Commons.swift */ = {isa = PBXFileReference; lastKnownFileType = sourcecode.swift; path = "TaskController+Commons.swift"; sourceTree = "<group>"; };
		55609F9A203CC86C0060E3F9 /* APIEndpoint+Commons.swift */ = {isa = PBXFileReference; lastKnownFileType = sourcecode.swift; path = "APIEndpoint+Commons.swift"; sourceTree = "<group>"; };
		5570F98C1FEAFA35000DA3C9 /* Array+Utils.swift */ = {isa = PBXFileReference; lastKnownFileType = sourcecode.swift; path = "Array+Utils.swift"; sourceTree = "<group>"; };
		5570F98E1FEAFB3C000DA3C9 /* ClickableTextField.swift */ = {isa = PBXFileReference; lastKnownFileType = sourcecode.swift; path = ClickableTextField.swift; sourceTree = "<group>"; };
		5570F9991FEB0C64000DA3C9 /* MainWindowController+NewWindow.swift */ = {isa = PBXFileReference; lastKnownFileType = sourcecode.swift; path = "MainWindowController+NewWindow.swift"; sourceTree = "<group>"; };
		5570F99D1FEB1335000DA3C9 /* MainWindowModel.swift */ = {isa = PBXFileReference; lastKnownFileType = sourcecode.swift; path = MainWindowModel.swift; sourceTree = "<group>"; };
		5570F9A01FEB1AB5000DA3C9 /* MainWindowController+Tasks.swift */ = {isa = PBXFileReference; lastKnownFileType = sourcecode.swift; path = "MainWindowController+Tasks.swift"; sourceTree = "<group>"; };
		5570F9A21FEB1B35000DA3C9 /* MainWindowController+Navigation.swift */ = {isa = PBXFileReference; lastKnownFileType = sourcecode.swift; path = "MainWindowController+Navigation.swift"; sourceTree = "<group>"; };
		5570F9A41FEB21C5000DA3C9 /* SuperLachaisePOI+MainWindowModel.swift */ = {isa = PBXFileReference; lastKnownFileType = sourcecode.swift; path = "SuperLachaisePOI+MainWindowModel.swift"; sourceTree = "<group>"; };
		5570F9A61FEB2205000DA3C9 /* OpenStreetMapElement+MainWindowModel.swift */ = {isa = PBXFileReference; lastKnownFileType = sourcecode.swift; path = "OpenStreetMapElement+MainWindowModel.swift"; sourceTree = "<group>"; };
		5570F9A81FEB2238000DA3C9 /* WikidataEntry+MainWindowModel.swift */ = {isa = PBXFileReference; lastKnownFileType = sourcecode.swift; path = "WikidataEntry+MainWindowModel.swift"; sourceTree = "<group>"; };
		5570F9B01FEC4D7E000DA3C9 /* WikipediaPage.swift */ = {isa = PBXFileReference; lastKnownFileType = sourcecode.swift; path = WikipediaPage.swift; sourceTree = "<group>"; };
		5570F9B21FEC4E3C000DA3C9 /* WikipediaPage+Id.swift */ = {isa = PBXFileReference; lastKnownFileType = sourcecode.swift; path = "WikipediaPage+Id.swift"; sourceTree = "<group>"; };
		5570F9B41FEC4FE8000DA3C9 /* WikipediaPage+Requests.swift */ = {isa = PBXFileReference; lastKnownFileType = sourcecode.swift; path = "WikipediaPage+Requests.swift"; sourceTree = "<group>"; };
		5570F9B61FEC5043000DA3C9 /* WikipediaPage+Protocols.swift */ = {isa = PBXFileReference; lastKnownFileType = sourcecode.swift; path = "WikipediaPage+Protocols.swift"; sourceTree = "<group>"; };
		5570F9B81FEC5755000DA3C9 /* Syncable.swift */ = {isa = PBXFileReference; lastKnownFileType = sourcecode.swift; path = Syncable.swift; sourceTree = "<group>"; };
		5570F9BD1FEC6E26000DA3C9 /* APIEndpoint+Wikipedia.swift */ = {isa = PBXFileReference; lastKnownFileType = sourcecode.swift; path = "APIEndpoint+Wikipedia.swift"; sourceTree = "<group>"; };
		5570F9BF1FEC6ED3000DA3C9 /* SyncWikipediaPages.swift */ = {isa = PBXFileReference; lastKnownFileType = sourcecode.swift; path = SyncWikipediaPages.swift; sourceTree = "<group>"; };
		5570F9C11FEC6F8C000DA3C9 /* TaskController+Wikipedia.swift */ = {isa = PBXFileReference; lastKnownFileType = sourcecode.swift; path = "TaskController+Wikipedia.swift"; sourceTree = "<group>"; };
		5570F9C31FEC70A1000DA3C9 /* WikipediaPage+MainWindowModel.swift */ = {isa = PBXFileReference; lastKnownFileType = sourcecode.swift; path = "WikipediaPage+MainWindowModel.swift"; sourceTree = "<group>"; };
		5570F9C71FEC7A74000DA3C9 /* MainWindowController+Search.swift */ = {isa = PBXFileReference; lastKnownFileType = sourcecode.swift; path = "MainWindowController+Search.swift"; sourceTree = "<group>"; };
		5570F9C91FED9249000DA3C9 /* WikipediaGetPages.swift */ = {isa = PBXFileReference; lastKnownFileType = sourcecode.swift; path = WikipediaGetPages.swift; sourceTree = "<group>"; };
		5570F9CC1FEDA00D000DA3C9 /* WikipediaAPIPage.swift */ = {isa = PBXFileReference; lastKnownFileType = sourcecode.swift; path = WikipediaAPIPage.swift; sourceTree = "<group>"; };
		5570F9CE1FEDAA11000DA3C9 /* WikidataLocalizedEntry+Requests.swift */ = {isa = PBXFileReference; lastKnownFileType = sourcecode.swift; path = "WikidataLocalizedEntry+Requests.swift"; sourceTree = "<group>"; };
		5570F9D11FEE8B32000DA3C9 /* DetailViewHTMLFieldView.xib */ = {isa = PBXFileReference; fileEncoding = 4; lastKnownFileType = file.xib; path = DetailViewHTMLFieldView.xib; sourceTree = "<group>"; };
		5570F9D21FEE8B32000DA3C9 /* DetailViewHTMLFieldItem.swift */ = {isa = PBXFileReference; fileEncoding = 4; lastKnownFileType = sourcecode.swift; path = DetailViewHTMLFieldItem.swift; sourceTree = "<group>"; };
		5570F9D31FEE8B32000DA3C9 /* DetailViewHTMLFieldView.swift */ = {isa = PBXFileReference; fileEncoding = 4; lastKnownFileType = sourcecode.swift; path = DetailViewHTMLFieldView.swift; sourceTree = "<group>"; };
		5587F9F01FCF6927004C9E28 /* RootViewController.swift */ = {isa = PBXFileReference; lastKnownFileType = sourcecode.swift; path = RootViewController.swift; sourceTree = "<group>"; };
		558F26971FCE00D5009BAA8E /* OverpassElement.swift */ = {isa = PBXFileReference; lastKnownFileType = sourcecode.swift; path = OverpassElement.swift; sourceTree = "<group>"; };
		55A8D23A1FCF52A900BB00BC /* Deletable.swift */ = {isa = PBXFileReference; lastKnownFileType = sourcecode.swift; path = Deletable.swift; sourceTree = "<group>"; };
		55A8D2421FCF5BA500BB00BC /* Config.swift */ = {isa = PBXFileReference; lastKnownFileType = sourcecode.swift; path = Config.swift; sourceTree = "<group>"; };
		55A8D2441FCF5C3A00BB00BC /* OpenStreetMapConfig.swift */ = {isa = PBXFileReference; lastKnownFileType = sourcecode.swift; path = OpenStreetMapConfig.swift; sourceTree = "<group>"; };
		55A8D2481FCF5D9D00BB00BC /* BoundingBox.swift */ = {isa = PBXFileReference; lastKnownFileType = sourcecode.swift; path = BoundingBox.swift; sourceTree = "<group>"; };
		55A8D24B1FCF5E5000BB00BC /* PereLachaiseOpenStreetMapConfig.swift */ = {isa = PBXFileReference; lastKnownFileType = sourcecode.swift; path = PereLachaiseOpenStreetMapConfig.swift; sourceTree = "<group>"; };
		55A8D24D1FCF5F0100BB00BC /* PereLachaiseConfig.swift */ = {isa = PBXFileReference; lastKnownFileType = sourcecode.swift; path = PereLachaiseConfig.swift; sourceTree = "<group>"; };
		55A8D2501FCF5F9C00BB00BC /* TaskController.swift */ = {isa = PBXFileReference; lastKnownFileType = sourcecode.swift; path = TaskController.swift; sourceTree = "<group>"; };
		55A8D2521FCF5FFB00BB00BC /* TaskController+OpenStreetMap.swift */ = {isa = PBXFileReference; lastKnownFileType = sourcecode.swift; path = "TaskController+OpenStreetMap.swift"; sourceTree = "<group>"; };
		55AB3DEB1FE091D90011AF47 /* SuperLachaisePOI+Requests.swift */ = {isa = PBXFileReference; lastKnownFileType = sourcecode.swift; path = "SuperLachaisePOI+Requests.swift"; sourceTree = "<group>"; };
		55AB3DED1FE092940011AF47 /* OpenStreetMapElement+Requests.swift */ = {isa = PBXFileReference; lastKnownFileType = sourcecode.swift; path = "OpenStreetMapElement+Requests.swift"; sourceTree = "<group>"; };
		55AB3DEF1FE094430011AF47 /* WikidataEntry+Requests.swift */ = {isa = PBXFileReference; lastKnownFileType = sourcecode.swift; path = "WikidataEntry+Requests.swift"; sourceTree = "<group>"; };
		55AB3DF11FE1E5350011AF47 /* RealmList+Replace.swift */ = {isa = PBXFileReference; lastKnownFileType = sourcecode.swift; path = "RealmList+Replace.swift"; sourceTree = "<group>"; };
		55AB3DF91FE306CC0011AF47 /* Realm+Write.swift */ = {isa = PBXFileReference; lastKnownFileType = sourcecode.swift; path = "Realm+Write.swift"; sourceTree = "<group>"; };
		55AB3E081FE32A500011AF47 /* WikidataEntry+Date.swift */ = {isa = PBXFileReference; lastKnownFileType = sourcecode.swift; path = "WikidataEntry+Date.swift"; sourceTree = "<group>"; };
		55B080861FCCCEBD0006A0C2 /* APIEndpoint.swift */ = {isa = PBXFileReference; lastKnownFileType = sourcecode.swift; path = APIEndpoint.swift; sourceTree = "<group>"; };
		55B32E951FF25ADC00E97B70 /* TaskOperation.swift */ = {isa = PBXFileReference; lastKnownFileType = sourcecode.swift; path = TaskOperation.swift; sourceTree = "<group>"; };
		55B365811FDB206B00EB84BD /* Realm+Async.swift */ = {isa = PBXFileReference; lastKnownFileType = sourcecode.swift; path = "Realm+Async.swift"; sourceTree = "<group>"; };
		55B365831FDD9EA900EB84BD /* AppContainer.swift */ = {isa = PBXFileReference; lastKnownFileType = sourcecode.swift; path = AppContainer.swift; sourceTree = "<group>"; };
		55B365871FDDAD1900EB84BD /* ConsoleLogger.swift */ = {isa = PBXFileReference; lastKnownFileType = sourcecode.swift; path = ConsoleLogger.swift; sourceTree = "<group>"; };
		55B3658A1FDDAE7A00EB84BD /* WikidataEntry.swift */ = {isa = PBXFileReference; lastKnownFileType = sourcecode.swift; path = WikidataEntry.swift; sourceTree = "<group>"; };
		55B3658C1FDDAEC800EB84BD /* WikidataEntry+Protocols.swift */ = {isa = PBXFileReference; lastKnownFileType = sourcecode.swift; path = "WikidataEntry+Protocols.swift"; sourceTree = "<group>"; };
		55B365901FDDB23300EB84BD /* APIEndpoint+Wikidata.swift */ = {isa = PBXFileReference; lastKnownFileType = sourcecode.swift; path = "APIEndpoint+Wikidata.swift"; sourceTree = "<group>"; };
		55B365921FDDB28800EB84BD /* TaskController+Wikidata.swift */ = {isa = PBXFileReference; lastKnownFileType = sourcecode.swift; path = "TaskController+Wikidata.swift"; sourceTree = "<group>"; };
		55B365941FDDB33E00EB84BD /* WikidataConfig.swift */ = {isa = PBXFileReference; lastKnownFileType = sourcecode.swift; path = WikidataConfig.swift; sourceTree = "<group>"; };
		55B365961FDDB36100EB84BD /* PereLachaiseWikidataConfig.swift */ = {isa = PBXFileReference; lastKnownFileType = sourcecode.swift; path = PereLachaiseWikidataConfig.swift; sourceTree = "<group>"; };
		55B365981FDDB5E400EB84BD /* SyncWikidataEntries.swift */ = {isa = PBXFileReference; lastKnownFileType = sourcecode.swift; path = SyncWikidataEntries.swift; sourceTree = "<group>"; };
		55B365A01FDDDB0F00EB84BD /* OverpassGetElements.swift */ = {isa = PBXFileReference; lastKnownFileType = sourcecode.swift; path = OverpassGetElements.swift; sourceTree = "<group>"; };
		55B365A21FDDDFEE00EB84BD /* WikidataGetEntities.swift */ = {isa = PBXFileReference; lastKnownFileType = sourcecode.swift; path = WikidataGetEntities.swift; sourceTree = "<group>"; };
		55B365AB1FDDF33C00EB84BD /* WikidataEntity.swift */ = {isa = PBXFileReference; lastKnownFileType = sourcecode.swift; path = WikidataEntity.swift; sourceTree = "<group>"; };
		55B365AD1FDDF38000EB84BD /* WikidataClaim.swift */ = {isa = PBXFileReference; lastKnownFileType = sourcecode.swift; path = WikidataClaim.swift; sourceTree = "<group>"; };
		55B365AF1FDDF93400EB84BD /* Task.swift */ = {isa = PBXFileReference; fileEncoding = 4; lastKnownFileType = sourcecode.swift; path = Task.swift; sourceTree = "<group>"; };
		55B365B91FE071CE00EB84BD /* WikidataLocalizedEntry.swift */ = {isa = PBXFileReference; lastKnownFileType = sourcecode.swift; path = WikidataLocalizedEntry.swift; sourceTree = "<group>"; };
		55B365BF1FE07D7D00EB84BD /* WikidataEntry+Nature.swift */ = {isa = PBXFileReference; lastKnownFileType = sourcecode.swift; path = "WikidataEntry+Nature.swift"; sourceTree = "<group>"; };
		55B365C41FE07E7F00EB84BD /* WikidataEntityName.swift */ = {isa = PBXFileReference; lastKnownFileType = sourcecode.swift; path = WikidataEntityName.swift; sourceTree = "<group>"; };
		55B365C61FE07FDB00EB84BD /* WikidataPropertyName.swift */ = {isa = PBXFileReference; lastKnownFileType = sourcecode.swift; path = WikidataPropertyName.swift; sourceTree = "<group>"; };
		55B536E41FD31C6800036FFC /* MainWindowController.swift */ = {isa = PBXFileReference; lastKnownFileType = sourcecode.swift; path = MainWindowController.swift; sourceTree = "<group>"; };
		55B536E61FD3230C00036FFC /* ListViewItem.swift */ = {isa = PBXFileReference; lastKnownFileType = sourcecode.swift; path = ListViewItem.swift; sourceTree = "<group>"; };
		55B536EB1FD326D400036FFC /* ListViewRootItem.swift */ = {isa = PBXFileReference; lastKnownFileType = sourcecode.swift; path = ListViewRootItem.swift; sourceTree = "<group>"; };
		55B536FB1FD33D1B00036FFC /* ListViewObjectItem.swift */ = {isa = PBXFileReference; lastKnownFileType = sourcecode.swift; path = ListViewObjectItem.swift; sourceTree = "<group>"; };
		55B536FE1FD33E0C00036FFC /* ListViewObjectListItem.swift */ = {isa = PBXFileReference; lastKnownFileType = sourcecode.swift; path = ListViewObjectListItem.swift; sourceTree = "<group>"; };
		55B537001FD3413800036FFC /* Listable.swift */ = {isa = PBXFileReference; lastKnownFileType = sourcecode.swift; path = Listable.swift; sourceTree = "<group>"; };
		55B537061FD351C800036FFC /* Identifiable.swift */ = {isa = PBXFileReference; lastKnownFileType = sourcecode.swift; path = Identifiable.swift; sourceTree = "<group>"; };
		55B897DE1FC9D17600FC4EF6 /* Main.storyboard */ = {isa = PBXFileReference; fileEncoding = 4; lastKnownFileType = file.storyboard; path = Main.storyboard; sourceTree = "<group>"; };
		55B897E11FCB169F00FC4EF6 /* RealmContext.swift */ = {isa = PBXFileReference; lastKnownFileType = sourcecode.swift; path = RealmContext.swift; sourceTree = "<group>"; };
		55B897E41FCB1CED00FC4EF6 /* Logger.swift */ = {isa = PBXFileReference; lastKnownFileType = sourcecode.swift; path = Logger.swift; sourceTree = "<group>"; };
		55B897E81FCB26A600FC4EF6 /* ConcurrentOperation.swift */ = {isa = PBXFileReference; lastKnownFileType = sourcecode.swift; path = ConcurrentOperation.swift; sourceTree = "<group>"; };
		55B897ED1FCB29C400FC4EF6 /* Operation+Rx.swift */ = {isa = PBXFileReference; lastKnownFileType = sourcecode.swift; path = "Operation+Rx.swift"; sourceTree = "<group>"; };
		55BD408C1FD30B4B005ACD89 /* ListViewController.swift */ = {isa = PBXFileReference; lastKnownFileType = sourcecode.swift; path = ListViewController.swift; sourceTree = "<group>"; };
		55CB47E91FCCD1AB003F3610 /* APIEndpoint+Overpass.swift */ = {isa = PBXFileReference; lastKnownFileType = sourcecode.swift; path = "APIEndpoint+Overpass.swift"; sourceTree = "<group>"; };
		55CB47F31FCCD67F003F3610 /* UserAgent.swift */ = {isa = PBXFileReference; lastKnownFileType = sourcecode.swift; path = UserAgent.swift; sourceTree = "<group>"; };
		55CB47F61FCCD8D6003F3610 /* SyncOpenStreetMapElements.swift */ = {isa = PBXFileReference; lastKnownFileType = sourcecode.swift; path = SyncOpenStreetMapElements.swift; sourceTree = "<group>"; };
		55CB47FB1FCCDB02003F3610 /* OpenStreetMapElement.swift */ = {isa = PBXFileReference; lastKnownFileType = sourcecode.swift; path = OpenStreetMapElement.swift; sourceTree = "<group>"; };
		55CB47FD1FCCDDEC003F3610 /* OpenStreetMapElement+Id.swift */ = {isa = PBXFileReference; lastKnownFileType = sourcecode.swift; path = "OpenStreetMapElement+Id.swift"; sourceTree = "<group>"; };
		55CB48021FCCE4C0003F3610 /* Errors.swift */ = {isa = PBXFileReference; lastKnownFileType = sourcecode.swift; path = Errors.swift; sourceTree = "<group>"; };
		55E8A3A91FD8A9EE000B6FC2 /* OpenableInBrowser.swift */ = {isa = PBXFileReference; lastKnownFileType = sourcecode.swift; path = OpenableInBrowser.swift; sourceTree = "<group>"; };
		55E8A3AB1FD8AE5A000B6FC2 /* OpenStreetMapElement+Protocols.swift */ = {isa = PBXFileReference; lastKnownFileType = sourcecode.swift; path = "OpenStreetMapElement+Protocols.swift"; sourceTree = "<group>"; };
		55E8A3AD1FD8AED6000B6FC2 /* SuperLachaisePOI+Protocols.swift */ = {isa = PBXFileReference; lastKnownFileType = sourcecode.swift; path = "SuperLachaisePOI+Protocols.swift"; sourceTree = "<group>"; };
		55F46B691FD488C3005B90BF /* SuperLachaisePOI.swift */ = {isa = PBXFileReference; lastKnownFileType = sourcecode.swift; path = SuperLachaisePOI.swift; sourceTree = "<group>"; };
		55F46B6F1FD497FD005B90BF /* ListViewController+Actions.swift */ = {isa = PBXFileReference; lastKnownFileType = sourcecode.swift; path = "ListViewController+Actions.swift"; sourceTree = "<group>"; };
		9FE676F1A85C068B5E930AB6 /* Pods-SuperLachaiseAdmin.release.xcconfig */ = {isa = PBXFileReference; includeInIndex = 1; lastKnownFileType = text.xcconfig; name = "Pods-SuperLachaiseAdmin.release.xcconfig"; path = "Pods/Target Support Files/Pods-SuperLachaiseAdmin/Pods-SuperLachaiseAdmin.release.xcconfig"; sourceTree = "<group>"; };
		CC397459331B1FF483D6C8E6 /* Pods-SuperLachaiseAdmin.debug.xcconfig */ = {isa = PBXFileReference; includeInIndex = 1; lastKnownFileType = text.xcconfig; name = "Pods-SuperLachaiseAdmin.debug.xcconfig"; path = "Pods/Target Support Files/Pods-SuperLachaiseAdmin/Pods-SuperLachaiseAdmin.debug.xcconfig"; sourceTree = "<group>"; };
/* End PBXFileReference section */

/* Begin PBXFrameworksBuildPhase section */
		55605C001FC9C6120010BC5F /* Frameworks */ = {
			isa = PBXFrameworksBuildPhase;
			buildActionMask = 2147483647;
			files = (
				18A19439D64C84896B645017 /* Pods_SuperLachaiseAdmin.framework in Frameworks */,
			);
			runOnlyForDeploymentPostprocessing = 0;
		};
/* End PBXFrameworksBuildPhase section */

/* Begin PBXGroup section */
		5513EF401FE4997B00BD3A22 /* Detail */ = {
			isa = PBXGroup;
			children = (
				5513EF411FE4998C00BD3A22 /* DetailViewController.swift */,
				5513EF491FE6A54100BD3A22 /* Model */,
				5513EF561FE6BAA500BD3A22 /* Items */,
			);
			path = Detail;
			sourceTree = "<group>";
		};
		5513EF491FE6A54100BD3A22 /* Model */ = {
			isa = PBXGroup;
			children = (
				5513EF4A1FE6A54F00BD3A22 /* DetailViewModel.swift */,
			);
			path = Model;
			sourceTree = "<group>";
		};
		5513EF561FE6BAA500BD3A22 /* Items */ = {
			isa = PBXGroup;
			children = (
				5513EF791FE6EDC500BD3A22 /* DetailViewItem.swift */,
				5513EF811FE6F2BF00BD3A22 /* Separator */,
				5513EF571FE6BAAE00BD3A22 /* Title */,
				5513EF5F1FE6C30100BD3A22 /* URL */,
				5513EF721FE6DF1D00BD3A22 /* Field */,
				5513EF881FE6F9BF00BD3A22 /* Inline Field */,
				5570F9D01FEE8AF1000DA3C9 /* HTML Field */,
				555CF556204B01F6005CE48F /* URL Field */,
			);
			path = Items;
			sourceTree = "<group>";
		};
		5513EF571FE6BAAE00BD3A22 /* Title */ = {
			isa = PBXGroup;
			children = (
				5513EF7B1FE6EE0300BD3A22 /* DetailViewTitleItem.swift */,
				5513EF5A1FE6BACC00BD3A22 /* DetailViewTitleView.swift */,
				5513EF581FE6BAC000BD3A22 /* DetailViewTitleView.xib */,
			);
			path = Title;
			sourceTree = "<group>";
		};
		5513EF5C1FE6BD2A00BD3A22 /* Utils */ = {
			isa = PBXGroup;
			children = (
				5513EF5D1FE6BD3A00BD3A22 /* NSNib+Instantiate.swift */,
				5513EF701FE6D76100BD3A22 /* NSTextField+HTML.swift */,
			);
			path = Utils;
			sourceTree = "<group>";
		};
		5513EF5F1FE6C30100BD3A22 /* URL */ = {
			isa = PBXGroup;
			children = (
				5513EF7D1FE6EF3700BD3A22 /* DetailViewURLItem.swift */,
				5513EF601FE6C30F00BD3A22 /* DetailViewURLView.swift */,
				5513EF6A1FE6C6CB00BD3A22 /* DetailViewURLView.xib */,
			);
			path = URL;
			sourceTree = "<group>";
		};
		5513EF721FE6DF1D00BD3A22 /* Field */ = {
			isa = PBXGroup;
			children = (
				5513EF7F1FE6EF9F00BD3A22 /* DetailViewFieldItem.swift */,
				5513EF731FE6DF2D00BD3A22 /* DetailViewFieldView.swift */,
				5513EF751FE6DF5D00BD3A22 /* DetailViewFieldView.xib */,
			);
			path = Field;
			sourceTree = "<group>";
		};
		5513EF811FE6F2BF00BD3A22 /* Separator */ = {
			isa = PBXGroup;
			children = (
				5513EF861FE6F34F00BD3A22 /* DetailViewSeparatorItem.swift */,
				5513EF841FE6F2EA00BD3A22 /* DetailViewSeparatorView.xib */,
			);
			path = Separator;
			sourceTree = "<group>";
		};
		5513EF881FE6F9BF00BD3A22 /* Inline Field */ = {
			isa = PBXGroup;
			children = (
				5513EF8D1FE6FCAB00BD3A22 /* DetailViewInlineFieldItem.swift */,
				5513EF8B1FE6FBC300BD3A22 /* DetailViewInlineFieldView.swift */,
				5513EF891FE6F9DA00BD3A22 /* DetailViewInlineFieldView.xib */,
			);
			path = "Inline Field";
			sourceTree = "<group>";
		};
		555CF53A2049F280005CE48F /* CommonsFile */ = {
			isa = PBXGroup;
			children = (
				555CF53B2049F28D005CE48F /* CommonsFile.swift */,
				555CF5432049F507005CE48F /* CommonsFile+URL.swift */,
				555CF53D2049F387005CE48F /* CommonsFile+Requests.swift */,
				555CF53F2049F3CC005CE48F /* CommonsFile+Protocols.swift */,
			);
			path = CommonsFile;
			sourceTree = "<group>";
		};
		555CF54B204AFD4A005CE48F /* WikidataCategory */ = {
			isa = PBXGroup;
			children = (
				555CF54C204AFD5C005CE48F /* WikidataCategory.swift */,
				555CF54E204AFDB3005CE48F /* WikidataCategory+Requests.swift */,
				555CF550204AFDE4005CE48F /* WikidataCategory+Protocols.swift */,
			);
			path = WikidataCategory;
			sourceTree = "<group>";
		};
		555CF556204B01F6005CE48F /* URL Field */ = {
			isa = PBXGroup;
			children = (
				555CF559204B0286005CE48F /* DetailViewURLFieldItem.swift */,
				555CF557204B0234005CE48F /* DetailViewURLFieldView.swift */,
				555CF55B204B02D5005CE48F /* DetailViewURLFieldView.xib */,
			);
			path = "URL Field";
			sourceTree = "<group>";
		};
		55605BFA1FC9C6120010BC5F = {
			isa = PBXGroup;
			children = (
				55605C051FC9C6120010BC5F /* SuperLachaiseAdmin */,
				7228E91E82198F3E02A4CC6A /* Pods */,
				B8A39DF453571FE7FC4C8BB9 /* Frameworks */,
				55605C041FC9C6120010BC5F /* Products */,
			);
			sourceTree = "<group>";
		};
		55605C041FC9C6120010BC5F /* Products */ = {
			isa = PBXGroup;
			children = (
				55605C031FC9C6120010BC5F /* SuperLachaiseAdmin.app */,
			);
			name = Products;
			sourceTree = "<group>";
		};
		55605C051FC9C6120010BC5F /* SuperLachaiseAdmin */ = {
			isa = PBXGroup;
			children = (
				55605C061FC9C6120010BC5F /* AppDelegate.swift */,
				55B3658E1FDDB1E500EB84BD /* Configuration */,
				5570F9891FEAF9A9000DA3C9 /* Core */,
				55B897DD1FC9D15F00FC4EF6 /* UI */,
				55605C0A1FC9C6120010BC5F /* Assets.xcassets */,
				55605C0F1FC9C6120010BC5F /* Info.plist */,
			);
			path = SuperLachaiseAdmin;
			sourceTree = "<group>";
		};
		55609F94203CC6900060E3F9 /* Commons */ = {
			isa = PBXGroup;
			children = (
				55609F9E203CCFEA0060E3F9 /* Types */,
				55609F99203CC8600060E3F9 /* API */,
				55609F97203CC81E0060E3F9 /* TaskController+Commons.swift */,
				555CF5452049F5C5005CE48F /* SyncCommonsFiles.swift */,
			);
			path = Commons;
			sourceTree = "<group>";
		};
		55609F99203CC8600060E3F9 /* API */ = {
			isa = PBXGroup;
			children = (
				55609F9A203CC86C0060E3F9 /* APIEndpoint+Commons.swift */,
				555CF547204A032B005CE48F /* CommonsGetImages.swift */,
			);
			path = API;
			sourceTree = "<group>";
		};
		55609F9E203CCFEA0060E3F9 /* Types */ = {
			isa = PBXGroup;
			children = (
				555CF549204A0338005CE48F /* CommonsAPIImage.swift */,
			);
			path = Types;
			sourceTree = "<group>";
		};
		5570F9891FEAF9A9000DA3C9 /* Core */ = {
			isa = PBXGroup;
			children = (
				55A8D2461FCF5C4400BB00BC /* Config */,
				55CB47F51FCCD803003F3610 /* Logger */,
				55CB47F81FCCDA72003F3610 /* Model */,
				5570F98A1FEAF9D0000DA3C9 /* Realm */,
				55A8D24F1FCF5F8000BB00BC /* Tasks */,
				5570F98B1FEAFA15000DA3C9 /* Utils */,
			);
			path = Core;
			sourceTree = "<group>";
		};
		5570F98A1FEAF9D0000DA3C9 /* Realm */ = {
			isa = PBXGroup;
			children = (
				55B897E11FCB169F00FC4EF6 /* RealmContext.swift */,
			);
			path = Realm;
			sourceTree = "<group>";
		};
		5570F98B1FEAFA15000DA3C9 /* Utils */ = {
			isa = PBXGroup;
			children = (
				55B365A71FDDE83E00EB84BD /* Collections */,
				55CB48011FCCE4B6003F3610 /* Error */,
				55CB47F21FCCD665003F3610 /* Network */,
				55B897EA1FCB281500FC4EF6 /* Operations */,
				558F26941FCDFEC7009BAA8E /* Realm */,
			);
			path = Utils;
			sourceTree = "<group>";
		};
		5570F9901FEAFBD2000DA3C9 /* Custom Views */ = {
			isa = PBXGroup;
			children = (
				5570F98E1FEAFB3C000DA3C9 /* ClickableTextField.swift */,
				5513EF471FE4A62B00BD3A22 /* FlippedClipView.swift */,
				5513EF8F1FE708B400BD3A22 /* NoScrollView.swift */,
			);
			path = "Custom Views";
			sourceTree = "<group>";
		};
		5570F99C1FEB1328000DA3C9 /* Model */ = {
			isa = PBXGroup;
			children = (
				5570F99D1FEB1335000DA3C9 /* MainWindowModel.swift */,
				5570F9A41FEB21C5000DA3C9 /* SuperLachaisePOI+MainWindowModel.swift */,
				5570F9A61FEB2205000DA3C9 /* OpenStreetMapElement+MainWindowModel.swift */,
				5570F9A81FEB2238000DA3C9 /* WikidataEntry+MainWindowModel.swift */,
				555CF554204AFEC3005CE48F /* WikidataCategory+MainWindowModel.swift */,
				5570F9C31FEC70A1000DA3C9 /* WikipediaPage+MainWindowModel.swift */,
				555CF5412049F462005CE48F /* CommonsFile+MainWindowModel.swift */,
			);
			path = Model;
			sourceTree = "<group>";
		};
		5570F9AF1FEC4D71000DA3C9 /* WikipediaPage */ = {
			isa = PBXGroup;
			children = (
				5570F9B01FEC4D7E000DA3C9 /* WikipediaPage.swift */,
				5570F9B21FEC4E3C000DA3C9 /* WikipediaPage+Id.swift */,
				5570F9B41FEC4FE8000DA3C9 /* WikipediaPage+Requests.swift */,
				5570F9B61FEC5043000DA3C9 /* WikipediaPage+Protocols.swift */,
			);
			path = WikipediaPage;
			sourceTree = "<group>";
		};
		5570F9BA1FEC5AE4000DA3C9 /* Protocols */ = {
			isa = PBXGroup;
			children = (
				55A8D23A1FCF52A900BB00BC /* Deletable.swift */,
				55B537061FD351C800036FFC /* Identifiable.swift */,
				55B537001FD3413800036FFC /* Listable.swift */,
				55E8A3A91FD8A9EE000B6FC2 /* OpenableInBrowser.swift */,
				5570F9B81FEC5755000DA3C9 /* Syncable.swift */,
			);
			path = Protocols;
			sourceTree = "<group>";
		};
		5570F9BB1FEC6D82000DA3C9 /* Wikipedia */ = {
			isa = PBXGroup;
			children = (
				5570F9CB1FED9FF9000DA3C9 /* Types */,
				5570F9BC1FEC6D8C000DA3C9 /* API */,
				5570F9C11FEC6F8C000DA3C9 /* TaskController+Wikipedia.swift */,
				5570F9BF1FEC6ED3000DA3C9 /* SyncWikipediaPages.swift */,
			);
			path = Wikipedia;
			sourceTree = "<group>";
		};
		5570F9BC1FEC6D8C000DA3C9 /* API */ = {
			isa = PBXGroup;
			children = (
				5570F9BD1FEC6E26000DA3C9 /* APIEndpoint+Wikipedia.swift */,
				5570F9C91FED9249000DA3C9 /* WikipediaGetPages.swift */,
			);
			path = API;
			sourceTree = "<group>";
		};
		5570F9CB1FED9FF9000DA3C9 /* Types */ = {
			isa = PBXGroup;
			children = (
				5570F9CC1FEDA00D000DA3C9 /* WikipediaAPIPage.swift */,
			);
			path = Types;
			sourceTree = "<group>";
		};
		5570F9D01FEE8AF1000DA3C9 /* HTML Field */ = {
			isa = PBXGroup;
			children = (
				5570F9D21FEE8B32000DA3C9 /* DetailViewHTMLFieldItem.swift */,
				5570F9D31FEE8B32000DA3C9 /* DetailViewHTMLFieldView.swift */,
				5570F9D11FEE8B32000DA3C9 /* DetailViewHTMLFieldView.xib */,
			);
			path = "HTML Field";
			sourceTree = "<group>";
		};
		5587F9EF1FCF6904004C9E28 /* Root */ = {
			isa = PBXGroup;
			children = (
				5587F9F01FCF6927004C9E28 /* RootViewController.swift */,
			);
			path = Root;
			sourceTree = "<group>";
		};
		558F26941FCDFEC7009BAA8E /* Realm */ = {
			isa = PBXGroup;
			children = (
				55B365811FDB206B00EB84BD /* Realm+Async.swift */,
				55AB3DF91FE306CC0011AF47 /* Realm+Write.swift */,
				55AB3DF11FE1E5350011AF47 /* RealmList+Replace.swift */,
			);
			path = Realm;
			sourceTree = "<group>";
		};
		55A8D2461FCF5C4400BB00BC /* Config */ = {
			isa = PBXGroup;
			children = (
				55A8D2421FCF5BA500BB00BC /* Config.swift */,
				55A8D2441FCF5C3A00BB00BC /* OpenStreetMapConfig.swift */,
				55B365941FDDB33E00EB84BD /* WikidataConfig.swift */,
			);
			path = Config;
			sourceTree = "<group>";
		};
		55A8D24A1FCF5E3B00BB00BC /* PereLachaiseConfig */ = {
			isa = PBXGroup;
			children = (
				55A8D24D1FCF5F0100BB00BC /* PereLachaiseConfig.swift */,
				55A8D24B1FCF5E5000BB00BC /* PereLachaiseOpenStreetMapConfig.swift */,
				55B365961FDDB36100EB84BD /* PereLachaiseWikidataConfig.swift */,
			);
			path = PereLachaiseConfig;
			sourceTree = "<group>";
		};
		55A8D24F1FCF5F8000BB00BC /* Tasks */ = {
			isa = PBXGroup;
			children = (
				55B365AF1FDDF93400EB84BD /* Task.swift */,
				55B32E951FF25ADC00E97B70 /* TaskOperation.swift */,
				55A8D2501FCF5F9C00BB00BC /* TaskController.swift */,
				55CB47E81FCCD182003F3610 /* OpenStreetMap */,
				55B3658F1FDDB21500EB84BD /* Wikidata */,
				5570F9BB1FEC6D82000DA3C9 /* Wikipedia */,
				55609F94203CC6900060E3F9 /* Commons */,
			);
			path = Tasks;
			sourceTree = "<group>";
		};
		55B365891FDDAE6600EB84BD /* WikidataEntry */ = {
			isa = PBXGroup;
			children = (
				55B3658A1FDDAE7A00EB84BD /* WikidataEntry.swift */,
				55AB3E081FE32A500011AF47 /* WikidataEntry+Date.swift */,
				55B365BF1FE07D7D00EB84BD /* WikidataEntry+Nature.swift */,
				55AB3DEF1FE094430011AF47 /* WikidataEntry+Requests.swift */,
				55B3658C1FDDAEC800EB84BD /* WikidataEntry+Protocols.swift */,
			);
			path = WikidataEntry;
			sourceTree = "<group>";
		};
		55B3658E1FDDB1E500EB84BD /* Configuration */ = {
			isa = PBXGroup;
			children = (
				55B365831FDD9EA900EB84BD /* AppContainer.swift */,
				55A8D24A1FCF5E3B00BB00BC /* PereLachaiseConfig */,
			);
			path = Configuration;
			sourceTree = "<group>";
		};
		55B3658F1FDDB21500EB84BD /* Wikidata */ = {
			isa = PBXGroup;
			children = (
				55B365B31FE060AE00EB84BD /* Types */,
				55B365A41FDDE05500EB84BD /* API */,
				55B365921FDDB28800EB84BD /* TaskController+Wikidata.swift */,
				55B365981FDDB5E400EB84BD /* SyncWikidataEntries.swift */,
				555CF552204AFE31005CE48F /* SyncWikidataCategories.swift */,
			);
			path = Wikidata;
			sourceTree = "<group>";
		};
		55B3659E1FDDDA8C00EB84BD /* API */ = {
			isa = PBXGroup;
			children = (
				55CB47E91FCCD1AB003F3610 /* APIEndpoint+Overpass.swift */,
				55B365A01FDDDB0F00EB84BD /* OverpassGetElements.swift */,
			);
			path = API;
			sourceTree = "<group>";
		};
		55B365A41FDDE05500EB84BD /* API */ = {
			isa = PBXGroup;
			children = (
				55B365901FDDB23300EB84BD /* APIEndpoint+Wikidata.swift */,
				55B365A21FDDDFEE00EB84BD /* WikidataGetEntities.swift */,
			);
			path = API;
			sourceTree = "<group>";
		};
		55B365A71FDDE83E00EB84BD /* Collections */ = {
			isa = PBXGroup;
			children = (
				5570F98C1FEAFA35000DA3C9 /* Array+Utils.swift */,
			);
			path = Collections;
			sourceTree = "<group>";
		};
		55B365B11FE0608C00EB84BD /* Types */ = {
			isa = PBXGroup;
			children = (
				55A8D2481FCF5D9D00BB00BC /* BoundingBox.swift */,
				558F26971FCE00D5009BAA8E /* OverpassElement.swift */,
			);
			path = Types;
			sourceTree = "<group>";
		};
		55B365B31FE060AE00EB84BD /* Types */ = {
			isa = PBXGroup;
			children = (
				55B365AB1FDDF33C00EB84BD /* WikidataEntity.swift */,
				55B365AD1FDDF38000EB84BD /* WikidataClaim.swift */,
				55B365C41FE07E7F00EB84BD /* WikidataEntityName.swift */,
				55B365C61FE07FDB00EB84BD /* WikidataPropertyName.swift */,
			);
			path = Types;
			sourceTree = "<group>";
		};
		55B365B81FE071BE00EB84BD /* WikidataLocalizedEntry */ = {
			isa = PBXGroup;
			children = (
				55B365B91FE071CE00EB84BD /* WikidataLocalizedEntry.swift */,
				5570F9CE1FEDAA11000DA3C9 /* WikidataLocalizedEntry+Requests.swift */,
			);
			path = WikidataLocalizedEntry;
			sourceTree = "<group>";
		};
		55B536E31FD31C5300036FFC /* MainWindow */ = {
			isa = PBXGroup;
			children = (
				55B536E41FD31C6800036FFC /* MainWindowController.swift */,
				5570F9A21FEB1B35000DA3C9 /* MainWindowController+Navigation.swift */,
				5570F9991FEB0C64000DA3C9 /* MainWindowController+NewWindow.swift */,
				5570F9C71FEC7A74000DA3C9 /* MainWindowController+Search.swift */,
				5570F9A01FEB1AB5000DA3C9 /* MainWindowController+Tasks.swift */,
			);
			path = MainWindow;
			sourceTree = "<group>";
		};
		55B536E81FD3238200036FFC /* Items */ = {
			isa = PBXGroup;
			children = (
				55B536E61FD3230C00036FFC /* ListViewItem.swift */,
				55B536EB1FD326D400036FFC /* ListViewRootItem.swift */,
				55B536FE1FD33E0C00036FFC /* ListViewObjectListItem.swift */,
				55B536FB1FD33D1B00036FFC /* ListViewObjectItem.swift */,
			);
			path = Items;
			sourceTree = "<group>";
		};
		55B897DD1FC9D15F00FC4EF6 /* UI */ = {
			isa = PBXGroup;
			children = (
				55B897DE1FC9D17600FC4EF6 /* Main.storyboard */,
				5570F99C1FEB1328000DA3C9 /* Model */,
				55B536E31FD31C5300036FFC /* MainWindow */,
				5587F9EF1FCF6904004C9E28 /* Root */,
				55BD408B1FD30B3C005ACD89 /* List */,
				5513EF401FE4997B00BD3A22 /* Detail */,
				5513EF5C1FE6BD2A00BD3A22 /* Utils */,
				5570F9901FEAFBD2000DA3C9 /* Custom Views */,
			);
			path = UI;
			sourceTree = "<group>";
		};
		55B897EA1FCB281500FC4EF6 /* Operations */ = {
			isa = PBXGroup;
			children = (
				55B897E81FCB26A600FC4EF6 /* ConcurrentOperation.swift */,
				55B897ED1FCB29C400FC4EF6 /* Operation+Rx.swift */,
			);
			path = Operations;
			sourceTree = "<group>";
		};
		55BD408B1FD30B3C005ACD89 /* List */ = {
			isa = PBXGroup;
			children = (
				55BD408C1FD30B4B005ACD89 /* ListViewController.swift */,
				55F46B6F1FD497FD005B90BF /* ListViewController+Actions.swift */,
				55B536E81FD3238200036FFC /* Items */,
			);
			path = List;
			sourceTree = "<group>";
		};
		55CB47E81FCCD182003F3610 /* OpenStreetMap */ = {
			isa = PBXGroup;
			children = (
				55B365B11FE0608C00EB84BD /* Types */,
				55B3659E1FDDDA8C00EB84BD /* API */,
				55A8D2521FCF5FFB00BB00BC /* TaskController+OpenStreetMap.swift */,
				55CB47F61FCCD8D6003F3610 /* SyncOpenStreetMapElements.swift */,
			);
			path = OpenStreetMap;
			sourceTree = "<group>";
		};
		55CB47F21FCCD665003F3610 /* Network */ = {
			isa = PBXGroup;
			children = (
				55B080861FCCCEBD0006A0C2 /* APIEndpoint.swift */,
				55CB47F31FCCD67F003F3610 /* UserAgent.swift */,
			);
			path = Network;
			sourceTree = "<group>";
		};
		55CB47F51FCCD803003F3610 /* Logger */ = {
			isa = PBXGroup;
			children = (
				55B897E41FCB1CED00FC4EF6 /* Logger.swift */,
				55B365871FDDAD1900EB84BD /* ConsoleLogger.swift */,
			);
			path = Logger;
			sourceTree = "<group>";
		};
		55CB47F81FCCDA72003F3610 /* Model */ = {
			isa = PBXGroup;
			children = (
				55F46B681FD488B4005B90BF /* SuperLachaisePOI */,
				55CB47FA1FCCDAEC003F3610 /* OpenStreetMapElement */,
				55B365891FDDAE6600EB84BD /* WikidataEntry */,
				55B365B81FE071BE00EB84BD /* WikidataLocalizedEntry */,
				555CF54B204AFD4A005CE48F /* WikidataCategory */,
				5570F9AF1FEC4D71000DA3C9 /* WikipediaPage */,
				555CF53A2049F280005CE48F /* CommonsFile */,
				5570F9BA1FEC5AE4000DA3C9 /* Protocols */,
			);
			path = Model;
			sourceTree = "<group>";
		};
		55CB47FA1FCCDAEC003F3610 /* OpenStreetMapElement */ = {
			isa = PBXGroup;
			children = (
				55CB47FB1FCCDB02003F3610 /* OpenStreetMapElement.swift */,
				55CB47FD1FCCDDEC003F3610 /* OpenStreetMapElement+Id.swift */,
				55AB3DED1FE092940011AF47 /* OpenStreetMapElement+Requests.swift */,
				55E8A3AB1FD8AE5A000B6FC2 /* OpenStreetMapElement+Protocols.swift */,
			);
			path = OpenStreetMapElement;
			sourceTree = "<group>";
		};
		55CB48011FCCE4B6003F3610 /* Error */ = {
			isa = PBXGroup;
			children = (
				55CB48021FCCE4C0003F3610 /* Errors.swift */,
			);
			path = Error;
			sourceTree = "<group>";
		};
		55F46B681FD488B4005B90BF /* SuperLachaisePOI */ = {
			isa = PBXGroup;
			children = (
				55F46B691FD488C3005B90BF /* SuperLachaisePOI.swift */,
				55AB3DEB1FE091D90011AF47 /* SuperLachaisePOI+Requests.swift */,
				55E8A3AD1FD8AED6000B6FC2 /* SuperLachaisePOI+Protocols.swift */,
			);
			path = SuperLachaisePOI;
			sourceTree = "<group>";
		};
		7228E91E82198F3E02A4CC6A /* Pods */ = {
			isa = PBXGroup;
			children = (
				CC397459331B1FF483D6C8E6 /* Pods-SuperLachaiseAdmin.debug.xcconfig */,
				9FE676F1A85C068B5E930AB6 /* Pods-SuperLachaiseAdmin.release.xcconfig */,
			);
			name = Pods;
			sourceTree = "<group>";
		};
		B8A39DF453571FE7FC4C8BB9 /* Frameworks */ = {
			isa = PBXGroup;
			children = (
				34B8E85B64CCD699D4444D92 /* Pods_SuperLachaiseAdmin.framework */,
			);
			name = Frameworks;
			sourceTree = "<group>";
		};
/* End PBXGroup section */

/* Begin PBXNativeTarget section */
		55605C021FC9C6120010BC5F /* SuperLachaiseAdmin */ = {
			isa = PBXNativeTarget;
			buildConfigurationList = 55605C131FC9C6120010BC5F /* Build configuration list for PBXNativeTarget "SuperLachaiseAdmin" */;
			buildPhases = (
				C607CAF2389BF44BDCB03184 /* [CP] Check Pods Manifest.lock */,
				55605BFF1FC9C6120010BC5F /* Sources */,
				55605C001FC9C6120010BC5F /* Frameworks */,
				55605C011FC9C6120010BC5F /* Resources */,
				55B897DC1FC9C88600FC4EF6 /* Swiftlint */,
				F6B7D40FCBFD8316A7B232A6 /* [CP] Embed Pods Frameworks */,
				F381E0525ACAB7F21F76F096 /* [CP] Copy Pods Resources */,
			);
			buildRules = (
			);
			dependencies = (
			);
			name = SuperLachaiseAdmin;
			productName = SuperLachaiseAdmin;
			productReference = 55605C031FC9C6120010BC5F /* SuperLachaiseAdmin.app */;
			productType = "com.apple.product-type.application";
		};
/* End PBXNativeTarget section */

/* Begin PBXProject section */
		55605BFB1FC9C6120010BC5F /* Project object */ = {
			isa = PBXProject;
			attributes = {
				LastSwiftUpdateCheck = 0910;
				LastUpgradeCheck = 0910;
				TargetAttributes = {
					55605C021FC9C6120010BC5F = {
						CreatedOnToolsVersion = 9.1;
						ProvisioningStyle = Automatic;
					};
				};
			};
			buildConfigurationList = 55605BFE1FC9C6120010BC5F /* Build configuration list for PBXProject "SuperLachaiseAdmin" */;
			compatibilityVersion = "Xcode 8.0";
			developmentRegion = en;
			hasScannedForEncodings = 0;
			knownRegions = (
				en,
				Base,
			);
			mainGroup = 55605BFA1FC9C6120010BC5F;
			productRefGroup = 55605C041FC9C6120010BC5F /* Products */;
			projectDirPath = "";
			projectRoot = "";
			targets = (
				55605C021FC9C6120010BC5F /* SuperLachaiseAdmin */,
			);
		};
/* End PBXProject section */

/* Begin PBXResourcesBuildPhase section */
		55605C011FC9C6120010BC5F /* Resources */ = {
			isa = PBXResourcesBuildPhase;
			buildActionMask = 2147483647;
			files = (
				55605C0B1FC9C6120010BC5F /* Assets.xcassets in Resources */,
				55B897DF1FC9D17700FC4EF6 /* Main.storyboard in Resources */,
				5513EF8A1FE6F9DA00BD3A22 /* DetailViewInlineFieldView.xib in Resources */,
				5513EF851FE6F2EA00BD3A22 /* DetailViewSeparatorView.xib in Resources */,
				555CF55C204B02D5005CE48F /* DetailViewURLFieldView.xib in Resources */,
				5513EF6B1FE6C6CB00BD3A22 /* DetailViewURLView.xib in Resources */,
				5513EF761FE6DF5D00BD3A22 /* DetailViewFieldView.xib in Resources */,
				5570F9D41FEE8B32000DA3C9 /* DetailViewHTMLFieldView.xib in Resources */,
				5513EF591FE6BAC000BD3A22 /* DetailViewTitleView.xib in Resources */,
			);
			runOnlyForDeploymentPostprocessing = 0;
		};
/* End PBXResourcesBuildPhase section */

/* Begin PBXShellScriptBuildPhase section */
		55B897DC1FC9C88600FC4EF6 /* Swiftlint */ = {
			isa = PBXShellScriptBuildPhase;
			buildActionMask = 2147483647;
			files = (
			);
			inputPaths = (
			);
			name = Swiftlint;
			outputPaths = (
			);
			runOnlyForDeploymentPostprocessing = 0;
			shellPath = /bin/sh;
			shellScript = "\"${PODS_ROOT}/SwiftLint/swiftlint\"";
		};
		C607CAF2389BF44BDCB03184 /* [CP] Check Pods Manifest.lock */ = {
			isa = PBXShellScriptBuildPhase;
			buildActionMask = 2147483647;
			files = (
			);
			inputPaths = (
				"${PODS_PODFILE_DIR_PATH}/Podfile.lock",
				"${PODS_ROOT}/Manifest.lock",
			);
			name = "[CP] Check Pods Manifest.lock";
			outputPaths = (
				"$(DERIVED_FILE_DIR)/Pods-SuperLachaiseAdmin-checkManifestLockResult.txt",
			);
			runOnlyForDeploymentPostprocessing = 0;
			shellPath = /bin/sh;
			shellScript = "diff \"${PODS_PODFILE_DIR_PATH}/Podfile.lock\" \"${PODS_ROOT}/Manifest.lock\" > /dev/null\nif [ $? != 0 ] ; then\n    # print error to STDERR\n    echo \"error: The sandbox is not in sync with the Podfile.lock. Run 'pod install' or update your CocoaPods installation.\" >&2\n    exit 1\nfi\n# This output is used by Xcode 'outputs' to avoid re-running this script phase.\necho \"SUCCESS\" > \"${SCRIPT_OUTPUT_FILE_0}\"\n";
			showEnvVarsInLog = 0;
		};
		F381E0525ACAB7F21F76F096 /* [CP] Copy Pods Resources */ = {
			isa = PBXShellScriptBuildPhase;
			buildActionMask = 2147483647;
			files = (
			);
			inputPaths = (
			);
			name = "[CP] Copy Pods Resources";
			outputPaths = (
			);
			runOnlyForDeploymentPostprocessing = 0;
			shellPath = /bin/sh;
			shellScript = "\"${SRCROOT}/Pods/Target Support Files/Pods-SuperLachaiseAdmin/Pods-SuperLachaiseAdmin-resources.sh\"\n";
			showEnvVarsInLog = 0;
		};
		F6B7D40FCBFD8316A7B232A6 /* [CP] Embed Pods Frameworks */ = {
			isa = PBXShellScriptBuildPhase;
			buildActionMask = 2147483647;
			files = (
			);
			inputPaths = (
				"${SRCROOT}/Pods/Target Support Files/Pods-SuperLachaiseAdmin/Pods-SuperLachaiseAdmin-frameworks.sh",
				"${BUILT_PRODUCTS_DIR}/Realm/Realm.framework",
				"${BUILT_PRODUCTS_DIR}/RealmSwift/RealmSwift.framework",
				"${BUILT_PRODUCTS_DIR}/RxCocoa/RxCocoa.framework",
				"${BUILT_PRODUCTS_DIR}/RxRealm/RxRealm.framework",
				"${BUILT_PRODUCTS_DIR}/RxSwift/RxSwift.framework",
			);
			name = "[CP] Embed Pods Frameworks";
			outputPaths = (
				"${TARGET_BUILD_DIR}/${FRAMEWORKS_FOLDER_PATH}/Realm.framework",
				"${TARGET_BUILD_DIR}/${FRAMEWORKS_FOLDER_PATH}/RealmSwift.framework",
				"${TARGET_BUILD_DIR}/${FRAMEWORKS_FOLDER_PATH}/RxCocoa.framework",
				"${TARGET_BUILD_DIR}/${FRAMEWORKS_FOLDER_PATH}/RxRealm.framework",
				"${TARGET_BUILD_DIR}/${FRAMEWORKS_FOLDER_PATH}/RxSwift.framework",
			);
			runOnlyForDeploymentPostprocessing = 0;
			shellPath = /bin/sh;
			shellScript = "\"${SRCROOT}/Pods/Target Support Files/Pods-SuperLachaiseAdmin/Pods-SuperLachaiseAdmin-frameworks.sh\"\n";
			showEnvVarsInLog = 0;
		};
/* End PBXShellScriptBuildPhase section */

/* Begin PBXSourcesBuildPhase section */
		55605BFF1FC9C6120010BC5F /* Sources */ = {
			isa = PBXSourcesBuildPhase;
			buildActionMask = 2147483647;
			files = (
				55B365911FDDB23300EB84BD /* APIEndpoint+Wikidata.swift in Sources */,
				55B536FC1FD33D1B00036FFC /* ListViewObjectItem.swift in Sources */,
				555CF551204AFDE4005CE48F /* WikidataCategory+Protocols.swift in Sources */,
				5570F9B51FEC4FE8000DA3C9 /* WikipediaPage+Requests.swift in Sources */,
				55B365931FDDB28800EB84BD /* TaskController+Wikidata.swift in Sources */,
				5570F9B91FEC5755000DA3C9 /* Syncable.swift in Sources */,
				5513EF711FE6D76100BD3A22 /* NSTextField+HTML.swift in Sources */,
				555CF5442049F507005CE48F /* CommonsFile+URL.swift in Sources */,
				55CB47FC1FCCDB02003F3610 /* OpenStreetMapElement.swift in Sources */,
				55A8D2431FCF5BA500BB00BC /* Config.swift in Sources */,
				555CF553204AFE31005CE48F /* SyncWikidataCategories.swift in Sources */,
				555CF5462049F5C5005CE48F /* SyncCommonsFiles.swift in Sources */,
				55BD408D1FD30B4B005ACD89 /* ListViewController.swift in Sources */,
				5570F9A91FEB2238000DA3C9 /* WikidataEntry+MainWindowModel.swift in Sources */,
				555CF5402049F3CC005CE48F /* CommonsFile+Protocols.swift in Sources */,
				55F46B701FD497FD005B90BF /* ListViewController+Actions.swift in Sources */,
				55F46B6A1FD488C3005B90BF /* SuperLachaisePOI.swift in Sources */,
				55B536FF1FD33E0C00036FFC /* ListViewObjectListItem.swift in Sources */,
				5513EF901FE708B400BD3A22 /* NoScrollView.swift in Sources */,
				5513EF5E1FE6BD3A00BD3A22 /* NSNib+Instantiate.swift in Sources */,
				55A8D2531FCF5FFB00BB00BC /* TaskController+OpenStreetMap.swift in Sources */,
				555CF53C2049F28D005CE48F /* CommonsFile.swift in Sources */,
				55A8D2511FCF5F9C00BB00BC /* TaskController.swift in Sources */,
				55AB3DF01FE094430011AF47 /* WikidataEntry+Requests.swift in Sources */,
				55605C071FC9C6120010BC5F /* AppDelegate.swift in Sources */,
				5513EF7C1FE6EE0400BD3A22 /* DetailViewTitleItem.swift in Sources */,
				555CF54A204A0338005CE48F /* CommonsAPIImage.swift in Sources */,
				55A8D24C1FCF5E5000BB00BC /* PereLachaiseOpenStreetMapConfig.swift in Sources */,
				5513EF481FE4A62B00BD3A22 /* FlippedClipView.swift in Sources */,
				5570F9D61FEE8B32000DA3C9 /* DetailViewHTMLFieldView.swift in Sources */,
				55A8D24E1FCF5F0100BB00BC /* PereLachaiseConfig.swift in Sources */,
				555CF54D204AFD5C005CE48F /* WikidataCategory.swift in Sources */,
				5587F9F11FCF6927004C9E28 /* RootViewController.swift in Sources */,
				55B537011FD3413800036FFC /* Listable.swift in Sources */,
				5570F9B31FEC4E3C000DA3C9 /* WikipediaPage+Id.swift in Sources */,
				55B365C51FE07E7F00EB84BD /* WikidataEntityName.swift in Sources */,
				5513EF611FE6C30F00BD3A22 /* DetailViewURLView.swift in Sources */,
				558F26981FCE00D5009BAA8E /* OverpassElement.swift in Sources */,
				55B365951FDDB33E00EB84BD /* WikidataConfig.swift in Sources */,
				55B897EE1FCB29C400FC4EF6 /* Operation+Rx.swift in Sources */,
				5570F9C21FEC6F8C000DA3C9 /* TaskController+Wikipedia.swift in Sources */,
				55CB47EA1FCCD1AB003F3610 /* APIEndpoint+Overpass.swift in Sources */,
				55B897E21FCB169F00FC4EF6 /* RealmContext.swift in Sources */,
				55E8A3AE1FD8AED6000B6FC2 /* SuperLachaisePOI+Protocols.swift in Sources */,
				5570F9A11FEB1AB5000DA3C9 /* MainWindowController+Tasks.swift in Sources */,
				5570F9C01FEC6ED3000DA3C9 /* SyncWikipediaPages.swift in Sources */,
				55CB47FE1FCCDDEC003F3610 /* OpenStreetMapElement+Id.swift in Sources */,
				55B365841FDD9EA900EB84BD /* AppContainer.swift in Sources */,
				55AB3E091FE32A500011AF47 /* WikidataEntry+Date.swift in Sources */,
				5570F9CF1FEDAA11000DA3C9 /* WikidataLocalizedEntry+Requests.swift in Sources */,
				55B365821FDB206B00EB84BD /* Realm+Async.swift in Sources */,
				55B365BA1FE071CE00EB84BD /* WikidataLocalizedEntry.swift in Sources */,
				55CB47F41FCCD67F003F3610 /* UserAgent.swift in Sources */,
				55AB3DEE1FE092940011AF47 /* OpenStreetMapElement+Requests.swift in Sources */,
				5570F9A31FEB1B35000DA3C9 /* MainWindowController+Navigation.swift in Sources */,
				5513EF5B1FE6BACC00BD3A22 /* DetailViewTitleView.swift in Sources */,
				55E8A3AC1FD8AE5A000B6FC2 /* OpenStreetMapElement+Protocols.swift in Sources */,
				555CF548204A032B005CE48F /* CommonsGetImages.swift in Sources */,
				5513EF741FE6DF2D00BD3A22 /* DetailViewFieldView.swift in Sources */,
				55B536E71FD3230C00036FFC /* ListViewItem.swift in Sources */,
				5570F9B11FEC4D7E000DA3C9 /* WikipediaPage.swift in Sources */,
				55B365C71FE07FDB00EB84BD /* WikidataPropertyName.swift in Sources */,
				5570F9A71FEB2205000DA3C9 /* OpenStreetMapElement+MainWindowModel.swift in Sources */,
				5570F98F1FEAFB3C000DA3C9 /* ClickableTextField.swift in Sources */,
				55B32E961FF25ADC00E97B70 /* TaskOperation.swift in Sources */,
				55B365AC1FDDF33C00EB84BD /* WikidataEntity.swift in Sources */,
				55B365991FDDB5E400EB84BD /* SyncWikidataEntries.swift in Sources */,
				5513EF7E1FE6EF3700BD3A22 /* DetailViewURLItem.swift in Sources */,
				555CF53E2049F387005CE48F /* CommonsFile+Requests.swift in Sources */,
				55609F98203CC81E0060E3F9 /* TaskController+Commons.swift in Sources */,
				5513EF8C1FE6FBC300BD3A22 /* DetailViewInlineFieldView.swift in Sources */,
				555CF55A204B0286005CE48F /* DetailViewURLFieldItem.swift in Sources */,
				5570F9CA1FED9249000DA3C9 /* WikipediaGetPages.swift in Sources */,
				5570F9C41FEC70A1000DA3C9 /* WikipediaPage+MainWindowModel.swift in Sources */,
				5570F99E1FEB1335000DA3C9 /* MainWindowModel.swift in Sources */,
				555CF555204AFEC3005CE48F /* WikidataCategory+MainWindowModel.swift in Sources */,
				555CF54F204AFDB3005CE48F /* WikidataCategory+Requests.swift in Sources */,
				555CF558204B0234005CE48F /* DetailViewURLFieldView.swift in Sources */,
				55B537071FD351C800036FFC /* Identifiable.swift in Sources */,
				55B365B01FDDF93400EB84BD /* Task.swift in Sources */,
				55609F9B203CC86C0060E3F9 /* APIEndpoint+Commons.swift in Sources */,
				5570F9A51FEB21C5000DA3C9 /* SuperLachaisePOI+MainWindowModel.swift in Sources */,
				55AB3DFA1FE306CC0011AF47 /* Realm+Write.swift in Sources */,
				55B365881FDDAD1900EB84BD /* ConsoleLogger.swift in Sources */,
				5513EF801FE6EF9F00BD3A22 /* DetailViewFieldItem.swift in Sources */,
				55A8D2491FCF5D9D00BB00BC /* BoundingBox.swift in Sources */,
				55B3658D1FDDAEC800EB84BD /* WikidataEntry+Protocols.swift in Sources */,
				55B365C01FE07D7D00EB84BD /* WikidataEntry+Nature.swift in Sources */,
				555CF5422049F462005CE48F /* CommonsFile+MainWindowModel.swift in Sources */,
				55B536E51FD31C6800036FFC /* MainWindowController.swift in Sources */,
				55B536EC1FD326D400036FFC /* ListViewRootItem.swift in Sources */,
				5570F98D1FEAFA35000DA3C9 /* Array+Utils.swift in Sources */,
				55B897E91FCB26A600FC4EF6 /* ConcurrentOperation.swift in Sources */,
				5513EF4B1FE6A54F00BD3A22 /* DetailViewModel.swift in Sources */,
				5513EF8E1FE6FCAB00BD3A22 /* DetailViewInlineFieldItem.swift in Sources */,
				55A8D2451FCF5C3A00BB00BC /* OpenStreetMapConfig.swift in Sources */,
				5570F9BE1FEC6E26000DA3C9 /* APIEndpoint+Wikipedia.swift in Sources */,
				55B365AE1FDDF38000EB84BD /* WikidataClaim.swift in Sources */,
				5513EF7A1FE6EDC500BD3A22 /* DetailViewItem.swift in Sources */,
				55CB48031FCCE4C0003F3610 /* Errors.swift in Sources */,
				5513EF871FE6F34F00BD3A22 /* DetailViewSeparatorItem.swift in Sources */,
				5513EF421FE4998C00BD3A22 /* DetailViewController.swift in Sources */,
				5570F9B71FEC5043000DA3C9 /* WikipediaPage+Protocols.swift in Sources */,
				55B365A11FDDDB0F00EB84BD /* OverpassGetElements.swift in Sources */,
				55B897E51FCB1CED00FC4EF6 /* Logger.swift in Sources */,
				55AB3DEC1FE091D90011AF47 /* SuperLachaisePOI+Requests.swift in Sources */,
				55B365971FDDB36100EB84BD /* PereLachaiseWikidataConfig.swift in Sources */,
				55B080871FCCCEBD0006A0C2 /* APIEndpoint.swift in Sources */,
				55E8A3AA1FD8A9EE000B6FC2 /* OpenableInBrowser.swift in Sources */,
				55CB47F71FCCD8D6003F3610 /* SyncOpenStreetMapElements.swift in Sources */,
				55B365A31FDDDFEE00EB84BD /* WikidataGetEntities.swift in Sources */,
				55AB3DF21FE1E5350011AF47 /* RealmList+Replace.swift in Sources */,
				5570F9CD1FEDA00D000DA3C9 /* WikipediaAPIPage.swift in Sources */,
				55B3658B1FDDAE7A00EB84BD /* WikidataEntry.swift in Sources */,
				5570F9C81FEC7A74000DA3C9 /* MainWindowController+Search.swift in Sources */,
				55A8D23B1FCF52A900BB00BC /* Deletable.swift in Sources */,
				5570F99A1FEB0C64000DA3C9 /* MainWindowController+NewWindow.swift in Sources */,
				5570F9D51FEE8B32000DA3C9 /* DetailViewHTMLFieldItem.swift in Sources */,
			);
			runOnlyForDeploymentPostprocessing = 0;
		};
/* End PBXSourcesBuildPhase section */

/* Begin XCBuildConfiguration section */
		55605C111FC9C6120010BC5F /* Debug */ = {
			isa = XCBuildConfiguration;
			buildSettings = {
				ALWAYS_SEARCH_USER_PATHS = NO;
				CLANG_ANALYZER_NONNULL = YES;
				CLANG_ANALYZER_NUMBER_OBJECT_CONVERSION = YES_AGGRESSIVE;
				CLANG_CXX_LANGUAGE_STANDARD = "gnu++14";
				CLANG_CXX_LIBRARY = "libc++";
				CLANG_ENABLE_MODULES = YES;
				CLANG_ENABLE_OBJC_ARC = YES;
				CLANG_WARN_BLOCK_CAPTURE_AUTORELEASING = YES;
				CLANG_WARN_BOOL_CONVERSION = YES;
				CLANG_WARN_COMMA = YES;
				CLANG_WARN_CONSTANT_CONVERSION = YES;
				CLANG_WARN_DIRECT_OBJC_ISA_USAGE = YES_ERROR;
				CLANG_WARN_DOCUMENTATION_COMMENTS = YES;
				CLANG_WARN_EMPTY_BODY = YES;
				CLANG_WARN_ENUM_CONVERSION = YES;
				CLANG_WARN_INFINITE_RECURSION = YES;
				CLANG_WARN_INT_CONVERSION = YES;
				CLANG_WARN_NON_LITERAL_NULL_CONVERSION = YES;
				CLANG_WARN_OBJC_LITERAL_CONVERSION = YES;
				CLANG_WARN_OBJC_ROOT_CLASS = YES_ERROR;
				CLANG_WARN_RANGE_LOOP_ANALYSIS = YES;
				CLANG_WARN_STRICT_PROTOTYPES = YES;
				CLANG_WARN_SUSPICIOUS_MOVE = YES;
				CLANG_WARN_UNGUARDED_AVAILABILITY = YES_AGGRESSIVE;
				CLANG_WARN_UNREACHABLE_CODE = YES;
				CLANG_WARN__DUPLICATE_METHOD_MATCH = YES;
				CODE_SIGN_IDENTITY = "Mac Developer";
				COPY_PHASE_STRIP = NO;
				DEBUG_INFORMATION_FORMAT = dwarf;
				ENABLE_STRICT_OBJC_MSGSEND = YES;
				ENABLE_TESTABILITY = YES;
				GCC_C_LANGUAGE_STANDARD = gnu11;
				GCC_DYNAMIC_NO_PIC = NO;
				GCC_NO_COMMON_BLOCKS = YES;
				GCC_OPTIMIZATION_LEVEL = 0;
				GCC_PREPROCESSOR_DEFINITIONS = (
					"DEBUG=1",
					"$(inherited)",
				);
				GCC_WARN_64_TO_32_BIT_CONVERSION = YES;
				GCC_WARN_ABOUT_RETURN_TYPE = YES_ERROR;
				GCC_WARN_UNDECLARED_SELECTOR = YES;
				GCC_WARN_UNINITIALIZED_AUTOS = YES_AGGRESSIVE;
				GCC_WARN_UNUSED_FUNCTION = YES;
				GCC_WARN_UNUSED_VARIABLE = YES;
				MACOSX_DEPLOYMENT_TARGET = 10.13;
				MTL_ENABLE_DEBUG_INFO = YES;
				ONLY_ACTIVE_ARCH = YES;
				SDKROOT = macosx;
				SWIFT_ACTIVE_COMPILATION_CONDITIONS = DEBUG;
				SWIFT_OPTIMIZATION_LEVEL = "-Onone";
			};
			name = Debug;
		};
		55605C121FC9C6120010BC5F /* Release */ = {
			isa = XCBuildConfiguration;
			buildSettings = {
				ALWAYS_SEARCH_USER_PATHS = NO;
				CLANG_ANALYZER_NONNULL = YES;
				CLANG_ANALYZER_NUMBER_OBJECT_CONVERSION = YES_AGGRESSIVE;
				CLANG_CXX_LANGUAGE_STANDARD = "gnu++14";
				CLANG_CXX_LIBRARY = "libc++";
				CLANG_ENABLE_MODULES = YES;
				CLANG_ENABLE_OBJC_ARC = YES;
				CLANG_WARN_BLOCK_CAPTURE_AUTORELEASING = YES;
				CLANG_WARN_BOOL_CONVERSION = YES;
				CLANG_WARN_COMMA = YES;
				CLANG_WARN_CONSTANT_CONVERSION = YES;
				CLANG_WARN_DIRECT_OBJC_ISA_USAGE = YES_ERROR;
				CLANG_WARN_DOCUMENTATION_COMMENTS = YES;
				CLANG_WARN_EMPTY_BODY = YES;
				CLANG_WARN_ENUM_CONVERSION = YES;
				CLANG_WARN_INFINITE_RECURSION = YES;
				CLANG_WARN_INT_CONVERSION = YES;
				CLANG_WARN_NON_LITERAL_NULL_CONVERSION = YES;
				CLANG_WARN_OBJC_LITERAL_CONVERSION = YES;
				CLANG_WARN_OBJC_ROOT_CLASS = YES_ERROR;
				CLANG_WARN_RANGE_LOOP_ANALYSIS = YES;
				CLANG_WARN_STRICT_PROTOTYPES = YES;
				CLANG_WARN_SUSPICIOUS_MOVE = YES;
				CLANG_WARN_UNGUARDED_AVAILABILITY = YES_AGGRESSIVE;
				CLANG_WARN_UNREACHABLE_CODE = YES;
				CLANG_WARN__DUPLICATE_METHOD_MATCH = YES;
				CODE_SIGN_IDENTITY = "Mac Developer";
				COPY_PHASE_STRIP = NO;
				DEBUG_INFORMATION_FORMAT = "dwarf-with-dsym";
				ENABLE_NS_ASSERTIONS = NO;
				ENABLE_STRICT_OBJC_MSGSEND = YES;
				GCC_C_LANGUAGE_STANDARD = gnu11;
				GCC_NO_COMMON_BLOCKS = YES;
				GCC_WARN_64_TO_32_BIT_CONVERSION = YES;
				GCC_WARN_ABOUT_RETURN_TYPE = YES_ERROR;
				GCC_WARN_UNDECLARED_SELECTOR = YES;
				GCC_WARN_UNINITIALIZED_AUTOS = YES_AGGRESSIVE;
				GCC_WARN_UNUSED_FUNCTION = YES;
				GCC_WARN_UNUSED_VARIABLE = YES;
				MACOSX_DEPLOYMENT_TARGET = 10.13;
				MTL_ENABLE_DEBUG_INFO = NO;
				SDKROOT = macosx;
				SWIFT_OPTIMIZATION_LEVEL = "-Owholemodule";
			};
			name = Release;
		};
		55605C141FC9C6120010BC5F /* Debug */ = {
			isa = XCBuildConfiguration;
			baseConfigurationReference = CC397459331B1FF483D6C8E6 /* Pods-SuperLachaiseAdmin.debug.xcconfig */;
			buildSettings = {
				ASSETCATALOG_COMPILER_APPICON_NAME = AppIcon;
				CODE_SIGN_STYLE = Automatic;
				COMBINE_HIDPI_IMAGES = YES;
				DEVELOPMENT_TEAM = X98LPJ7446;
				INFOPLIST_FILE = SuperLachaiseAdmin/Info.plist;
				LD_RUNPATH_SEARCH_PATHS = "$(inherited) @executable_path/../Frameworks";
				PRODUCT_BUNDLE_IDENTIFIER = fr.maximelemoine.SuperLachaiseAdmin;
				PRODUCT_NAME = "$(TARGET_NAME)";
				SWIFT_VERSION = 4.0;
			};
			name = Debug;
		};
		55605C151FC9C6120010BC5F /* Release */ = {
			isa = XCBuildConfiguration;
			baseConfigurationReference = 9FE676F1A85C068B5E930AB6 /* Pods-SuperLachaiseAdmin.release.xcconfig */;
			buildSettings = {
				ASSETCATALOG_COMPILER_APPICON_NAME = AppIcon;
				CODE_SIGN_STYLE = Automatic;
				COMBINE_HIDPI_IMAGES = YES;
				DEVELOPMENT_TEAM = X98LPJ7446;
				INFOPLIST_FILE = SuperLachaiseAdmin/Info.plist;
				LD_RUNPATH_SEARCH_PATHS = "$(inherited) @executable_path/../Frameworks";
				PRODUCT_BUNDLE_IDENTIFIER = fr.maximelemoine.SuperLachaiseAdmin;
				PRODUCT_NAME = "$(TARGET_NAME)";
				SWIFT_VERSION = 4.0;
			};
			name = Release;
		};
/* End XCBuildConfiguration section */

/* Begin XCConfigurationList section */
		55605BFE1FC9C6120010BC5F /* Build configuration list for PBXProject "SuperLachaiseAdmin" */ = {
			isa = XCConfigurationList;
			buildConfigurations = (
				55605C111FC9C6120010BC5F /* Debug */,
				55605C121FC9C6120010BC5F /* Release */,
			);
			defaultConfigurationIsVisible = 0;
			defaultConfigurationName = Release;
		};
		55605C131FC9C6120010BC5F /* Build configuration list for PBXNativeTarget "SuperLachaiseAdmin" */ = {
			isa = XCConfigurationList;
			buildConfigurations = (
				55605C141FC9C6120010BC5F /* Debug */,
				55605C151FC9C6120010BC5F /* Release */,
			);
			defaultConfigurationIsVisible = 0;
			defaultConfigurationName = Release;
		};
/* End XCConfigurationList section */
	};
	rootObject = 55605BFB1FC9C6120010BC5F /* Project object */;
}
